{
  "object": {
    "pins": [
      {
        "package": "Assimp",
        "repositoryURL": "https://github.com/ctreffs/SwiftAssimp.git",
        "state": {
          "branch": null,
          "revision": "ee2fc8389e139f065882170372e18b3d84e9c07a",
          "version": "2.1.0"
        }
      }
    ]
  },
  "version": 1
}
