// !$*UTF8*$!
{
	archiveVersion = 1;
	classes = {
	};
	objectVersion = 50;
	objects = {

/* Begin PBXBuildFile section */
		8A0D271827901DF100F2D9E6 /* Input.swift in Sources */ = {isa = PBXBuildFile; fileRef = 8A0D271727901DF100F2D9E6 /* Input.swift */; };
		8A0D271A27901E2400F2D9E6 /* KeyCodes.swift in Sources */ = {isa = PBXBuildFile; fileRef = 8A0D271927901E2400F2D9E6 /* KeyCodes.swift */; };
		8A0D271C279033A100F2D9E6 /* Camera.swift in Sources */ = {isa = PBXBuildFile; fileRef = 8A0D271B279033A100F2D9E6 /* Camera.swift */; };
		8A0D271E279043DD00F2D9E6 /* SimpleQuad.swift in Sources */ = {isa = PBXBuildFile; fileRef = 8A0D271D279043DD00F2D9E6 /* SimpleQuad.swift */; };
		8A0D272027905E9400F2D9E6 /* DepthStencilStateLibrary.swift in Sources */ = {isa = PBXBuildFile; fileRef = 8A0D271F27905E9400F2D9E6 /* DepthStencilStateLibrary.swift */; };
		8A0D272227907F0200F2D9E6 /* Common.metal in Sources */ = {isa = PBXBuildFile; fileRef = 8A0D272127907F0200F2D9E6 /* Common.metal */; };
		8A0D27242790808400F2D9E6 /* Sizeable.swift in Sources */ = {isa = PBXBuildFile; fileRef = 8A0D27232790808400F2D9E6 /* Sizeable.swift */; };
		8A0D272727908D5A00F2D9E6 /* GameTime.swift in Sources */ = {isa = PBXBuildFile; fileRef = 8A0D272627908D5A00F2D9E6 /* GameTime.swift */; };
		8A0D27292790981F00F2D9E6 /* TextureLibrary.swift in Sources */ = {isa = PBXBuildFile; fileRef = 8A0D27282790981F00F2D9E6 /* TextureLibrary.swift */; };
		8A0D27362790A7A200F2D9E6 /* Mesh.swift in Sources */ = {isa = PBXBuildFile; fileRef = 8A0D27352790A7A200F2D9E6 /* Mesh.swift */; };
		8A0D273B2790BA3900F2D9E6 /* skull.obj in Resources */ = {isa = PBXBuildFile; fileRef = 8A0D27382790BA3900F2D9E6 /* skull.obj */; };
		8A0D273C2790BA3900F2D9E6 /* skull.jpg in Resources */ = {isa = PBXBuildFile; fileRef = 8A0D27392790BA3900F2D9E6 /* skull.jpg */; };
		8A0D273D2790BA3900F2D9E6 /* skull.mtl in Resources */ = {isa = PBXBuildFile; fileRef = 8A0D273A2790BA3900F2D9E6 /* skull.mtl */; };
		8A0D27422790C88300F2D9E6 /* LightNode.swift in Sources */ = {isa = PBXBuildFile; fileRef = 8A0D27412790C88300F2D9E6 /* LightNode.swift */; };
		8A22EAB3278F735D00A8CD7D /* Engine.swift in Sources */ = {isa = PBXBuildFile; fileRef = 8A22EAB2278F735D00A8CD7D /* Engine.swift */; };
		8A22EAB9278F7E7100A8CD7D /* VertexDescriptorLibrary.swift in Sources */ = {isa = PBXBuildFile; fileRef = 8A22EAB8278F7E7100A8CD7D /* VertexDescriptorLibrary.swift */; };
		8A22EAC0278F880700A8CD7D /* GameObject.swift in Sources */ = {isa = PBXBuildFile; fileRef = 8A22EABF278F880700A8CD7D /* GameObject.swift */; };
		8A22EAC2278F8BE000A8CD7D /* Renderer.swift in Sources */ = {isa = PBXBuildFile; fileRef = 8A22EAC1278F8BE000A8CD7D /* Renderer.swift */; };
		8A22EAC4278F92CD00A8CD7D /* Node.swift in Sources */ = {isa = PBXBuildFile; fileRef = 8A22EAC3278F92CD00A8CD7D /* Node.swift */; };
		8A22EAC6278F940600A8CD7D /* Renderable.swift in Sources */ = {isa = PBXBuildFile; fileRef = 8A22EAC5278F940600A8CD7D /* Renderable.swift */; };
		8A22EACA278FA89A00A8CD7D /* Math.swift in Sources */ = {isa = PBXBuildFile; fileRef = 8A22EAC9278FA89A00A8CD7D /* Math.swift */; };
		8A33E705279B77070023D6C0 /* ssao.metal in Sources */ = {isa = PBXBuildFile; fileRef = 8A33E704279B77070023D6C0 /* ssao.metal */; };
		8A42052D279748E200473A9D /* clouds.png in Resources */ = {isa = PBXBuildFile; fileRef = 8A42052B279748E200473A9D /* clouds.png */; };
		8A420531279749AF00473A9D /* SkySphere.swift in Sources */ = {isa = PBXBuildFile; fileRef = 8A420530279749AF00473A9D /* SkySphere.swift */; };
		8A42053527975B9F00473A9D /* skysphere.obj in Resources */ = {isa = PBXBuildFile; fileRef = 8A42053427975B9F00473A9D /* skysphere.obj */; };
		8A4205372797AA9D00473A9D /* skysphere.mtl in Resources */ = {isa = PBXBuildFile; fileRef = 8A4205362797AA9D00473A9D /* skysphere.mtl */; };
		8A4205392797AED500473A9D /* clouds2.jpg in Resources */ = {isa = PBXBuildFile; fileRef = 8A4205382797AED500473A9D /* clouds2.jpg */; };
		8A42053B2797B03400473A9D /* SkySphere.metal in Sources */ = {isa = PBXBuildFile; fileRef = 8A42053A2797B03400473A9D /* SkySphere.metal */; };
		8A42053D27981D2F00473A9D /* Compose.metal in Sources */ = {isa = PBXBuildFile; fileRef = 8A42053C27981D2F00473A9D /* Compose.metal */; };
		8A42053F279820C500473A9D /* quad.obj in Resources */ = {isa = PBXBuildFile; fileRef = 8A42053E279820C500473A9D /* quad.obj */; };
		8A56D713278E058200D3FE2B /* AppDelegate.swift in Sources */ = {isa = PBXBuildFile; fileRef = 8A56D712278E058200D3FE2B /* AppDelegate.swift */; };
		8A56D718278E058200D3FE2B /* MetalRenderer.xcdatamodeld in Sources */ = {isa = PBXBuildFile; fileRef = 8A56D716278E058200D3FE2B /* MetalRenderer.xcdatamodeld */; };
		8A56D71A278E058400D3FE2B /* Assets.xcassets in Resources */ = {isa = PBXBuildFile; fileRef = 8A56D719278E058400D3FE2B /* Assets.xcassets */; };
		8A56D71D278E058400D3FE2B /* Main.storyboard in Resources */ = {isa = PBXBuildFile; fileRef = 8A56D71B278E058400D3FE2B /* Main.storyboard */; };
		8A56D728278E091900D3FE2B /* GameView.swift in Sources */ = {isa = PBXBuildFile; fileRef = 8A56D727278E091900D3FE2B /* GameView.swift */; };
		8A56D72A278E10F600D3FE2B /* GBuffer.metal in Sources */ = {isa = PBXBuildFile; fileRef = 8A56D729278E10F600D3FE2B /* GBuffer.metal */; };
		8A56D72C278E61CD00D3FE2B /* MetalTypes.swift in Sources */ = {isa = PBXBuildFile; fileRef = 8A56D72B278E61CD00D3FE2B /* MetalTypes.swift */; };
		8A5DBB4627A94AD60088F693 /* mine_barrel.dae in Resources */ = {isa = PBXBuildFile; fileRef = 8A5DBB4527A94AD60088F693 /* mine_barrel.dae */; };
		8A5DBB4827A94BA90088F693 /* mine_barrel.jpeg in Resources */ = {isa = PBXBuildFile; fileRef = 8A5DBB4727A94BA90088F693 /* mine_barrel.jpeg */; };
		8A5DBB4D27A94CA20088F693 /* mine_barrel.mat in Resources */ = {isa = PBXBuildFile; fileRef = 8A5DBB4C27A94CA20088F693 /* mine_barrel.mat */; };
		8A5DBB4F27A9D26A0088F693 /* Shadowmap.metal in Sources */ = {isa = PBXBuildFile; fileRef = 8A5DBB4E27A9D26A0088F693 /* Shadowmap.metal */; };
		8A62320F2795BC2B00B1757C /* well-diff.png in Resources */ = {isa = PBXBuildFile; fileRef = 8A62320B2795BC2B00B1757C /* well-diff.png */; };
		8A6232102795BC2B00B1757C /* well.obj in Resources */ = {isa = PBXBuildFile; fileRef = 8A62320C2795BC2B00B1757C /* well.obj */; };
		8A6232112795BC2B00B1757C /* well-normal.png in Resources */ = {isa = PBXBuildFile; fileRef = 8A62320D2795BC2B00B1757C /* well-normal.png */; };
		8A6232132795BC5000B1757C /* well.mtl in Resources */ = {isa = PBXBuildFile; fileRef = 8A6232122795BC5000B1757C /* well.mtl */; };
		8A6232152795DF4700B1757C /* ForestScene.swift in Sources */ = {isa = PBXBuildFile; fileRef = 8A6232142795DF4600B1757C /* ForestScene.swift */; };
		8A62321C2795F19500B1757C /* forest.json in Resources */ = {isa = PBXBuildFile; fileRef = 8A62321B2795F19500B1757C /* forest.json */; };
		8A6232202795FA6C00B1757C /* ground_grass.obj in Resources */ = {isa = PBXBuildFile; fileRef = 8A62321E2795FA6C00B1757C /* ground_grass.obj */; };
		8A6232212795FA6C00B1757C /* ground_grass.mtl in Resources */ = {isa = PBXBuildFile; fileRef = 8A62321F2795FA6C00B1757C /* ground_grass.mtl */; };
		8A6232292796064300B1757C /* tree_pineRoundC.obj in Resources */ = {isa = PBXBuildFile; fileRef = 8A6232232796064300B1757C /* tree_pineRoundC.obj */; };
		8A62322A2796064300B1757C /* tree_pineDefaultB.obj in Resources */ = {isa = PBXBuildFile; fileRef = 8A6232242796064300B1757C /* tree_pineDefaultB.obj */; };
		8A62322B2796064300B1757C /* tree_pineTallA_detailed.mtl in Resources */ = {isa = PBXBuildFile; fileRef = 8A6232252796064300B1757C /* tree_pineTallA_detailed.mtl */; };
		8A62322C2796064300B1757C /* tree_pineTallA_detailed.obj in Resources */ = {isa = PBXBuildFile; fileRef = 8A6232262796064300B1757C /* tree_pineTallA_detailed.obj */; };
		8A62322D2796064300B1757C /* tree_pineRoundC.mtl in Resources */ = {isa = PBXBuildFile; fileRef = 8A6232272796064300B1757C /* tree_pineRoundC.mtl */; };
		8A62322E2796064300B1757C /* tree_pineDefaultB.mtl in Resources */ = {isa = PBXBuildFile; fileRef = 8A6232282796064300B1757C /* tree_pineDefaultB.mtl */; };
		8A62323627961D8000B1757C /* flower_redA.mtl in Resources */ = {isa = PBXBuildFile; fileRef = 8A62323027961D8000B1757C /* flower_redA.mtl */; };
		8A62323727961D8000B1757C /* flower_yellowA.mtl in Resources */ = {isa = PBXBuildFile; fileRef = 8A62323127961D8000B1757C /* flower_yellowA.mtl */; };
		8A62323827961D8000B1757C /* flower_purpleA.mtl in Resources */ = {isa = PBXBuildFile; fileRef = 8A62323227961D8000B1757C /* flower_purpleA.mtl */; };
		8A62323927961D8000B1757C /* flower_purpleA.obj in Resources */ = {isa = PBXBuildFile; fileRef = 8A62323327961D8000B1757C /* flower_purpleA.obj */; };
		8A62323A27961D8000B1757C /* flower_redA.obj in Resources */ = {isa = PBXBuildFile; fileRef = 8A62323427961D8000B1757C /* flower_redA.obj */; };
		8A62323B27961D8000B1757C /* flower_yellowA.obj in Resources */ = {isa = PBXBuildFile; fileRef = 8A62323527961D8000B1757C /* flower_yellowA.obj */; };
		8A62323D2796282F00B1757C /* Instanced.metal in Sources */ = {isa = PBXBuildFile; fileRef = 8A62323C2796282F00B1757C /* Instanced.metal */; };
		8A672E7B279472DC00703001 /* chest.obj in Resources */ = {isa = PBXBuildFile; fileRef = 8A672E7A279472DC00703001 /* chest.obj */; };
		8A672E802794CA5900703001 /* Chest_Metal_Base_Color.png in Resources */ = {isa = PBXBuildFile; fileRef = 8A672E7D2794CA5900703001 /* Chest_Metal_Base_Color.png */; };
		8A672E812794CA5900703001 /* Chest_Wood_Base_Color.png in Resources */ = {isa = PBXBuildFile; fileRef = 8A672E7E2794CA5900703001 /* Chest_Wood_Base_Color.png */; };
		8A672E852794D5B800703001 /* chest.mtl in Resources */ = {isa = PBXBuildFile; fileRef = 8A672E842794D5B800703001 /* chest.mtl */; };
		8A9C235827A4D5AA00965D21 /* Octree.swift in Sources */ = {isa = PBXBuildFile; fileRef = 8A9C235727A4D5AA00965D21 /* Octree.swift */; };
		8A9C235A27A4DB4100965D21 /* Wireframe.metal in Sources */ = {isa = PBXBuildFile; fileRef = 8A9C235927A4DB4100965D21 /* Wireframe.metal */; };
		8A9C764D27A8856F00D3BC90 /* PipelineState.swift in Sources */ = {isa = PBXBuildFile; fileRef = 8A9C764C27A8856F00D3BC90 /* PipelineState.swift */; };
		8A9EE2CC27A5A1C5000A15C1 /* AABB.swift in Sources */ = {isa = PBXBuildFile; fileRef = 8A9EE2CB27A5A1C5000A15C1 /* AABB.swift */; };
		8AA0652C279AB45E00492D26 /* Utils.swift in Sources */ = {isa = PBXBuildFile; fileRef = 8AA0652B279AB45E00492D26 /* Utils.swift */; };
		8AA6C3EB2792EBB300DCB7B7 /* Transform.swift in Sources */ = {isa = PBXBuildFile; fileRef = 8AA6C3EA2792EBB300DCB7B7 /* Transform.swift */; };
		8AA6C3ED2793111100DCB7B7 /* Material.swift in Sources */ = {isa = PBXBuildFile; fileRef = 8AA6C3EC2793111100DCB7B7 /* Material.swift */; };
		8AA6C3EF27935AC600DCB7B7 /* sphere.obj in Resources */ = {isa = PBXBuildFile; fileRef = 8AA6C3EE27935AC600DCB7B7 /* sphere.obj */; };
		8ABAABCE27A709310091D260 /* Lighting.metal in Sources */ = {isa = PBXBuildFile; fileRef = 8ABAABCD27A709310091D260 /* Lighting.metal */; };
		8AC1658C278FBB8B00E1816A /* Scene.swift in Sources */ = {isa = PBXBuildFile; fileRef = 8AC1658B278FBB8B00E1816A /* Scene.swift */; };
		8AF4401E27999ABC009E83A8 /* tent_smallOpen.obj in Resources */ = {isa = PBXBuildFile; fileRef = 8AF4401C27999ABC009E83A8 /* tent_smallOpen.obj */; };
		8AF4401F27999ABC009E83A8 /* tent_smallOpen.mtl in Resources */ = {isa = PBXBuildFile; fileRef = 8AF4401D27999ABC009E83A8 /* tent_smallOpen.mtl */; };
		8AF48CBC279B29EC00C91C15 /* Loki.metal in Sources */ = {isa = PBXBuildFile; fileRef = 8AF48CBA279B29EC00C91C15 /* Loki.metal */; };
/* End PBXBuildFile section */

/* Begin PBXFileReference section */
		8A0D271727901DF100F2D9E6 /* Input.swift */ = {isa = PBXFileReference; lastKnownFileType = sourcecode.swift; path = Input.swift; sourceTree = "<group>"; };
		8A0D271927901E2400F2D9E6 /* KeyCodes.swift */ = {isa = PBXFileReference; lastKnownFileType = sourcecode.swift; path = KeyCodes.swift; sourceTree = "<group>"; };
		8A0D271B279033A100F2D9E6 /* Camera.swift */ = {isa = PBXFileReference; lastKnownFileType = sourcecode.swift; path = Camera.swift; sourceTree = "<group>"; };
		8A0D271D279043DD00F2D9E6 /* SimpleQuad.swift */ = {isa = PBXFileReference; lastKnownFileType = sourcecode.swift; path = SimpleQuad.swift; sourceTree = "<group>"; };
		8A0D271F27905E9400F2D9E6 /* DepthStencilStateLibrary.swift */ = {isa = PBXFileReference; lastKnownFileType = sourcecode.swift; path = DepthStencilStateLibrary.swift; sourceTree = "<group>"; };
		8A0D272127907F0200F2D9E6 /* Common.metal */ = {isa = PBXFileReference; lastKnownFileType = sourcecode.metal; path = Common.metal; sourceTree = "<group>"; };
		8A0D27232790808400F2D9E6 /* Sizeable.swift */ = {isa = PBXFileReference; lastKnownFileType = sourcecode.swift; path = Sizeable.swift; sourceTree = "<group>"; };
		8A0D272627908D5A00F2D9E6 /* GameTime.swift */ = {isa = PBXFileReference; lastKnownFileType = sourcecode.swift; path = GameTime.swift; sourceTree = "<group>"; };
		8A0D27282790981F00F2D9E6 /* TextureLibrary.swift */ = {isa = PBXFileReference; lastKnownFileType = sourcecode.swift; path = TextureLibrary.swift; sourceTree = "<group>"; };
		8A0D27352790A7A200F2D9E6 /* Mesh.swift */ = {isa = PBXFileReference; lastKnownFileType = sourcecode.swift; path = Mesh.swift; sourceTree = "<group>"; };
		8A0D27382790BA3900F2D9E6 /* skull.obj */ = {isa = PBXFileReference; fileEncoding = 4; lastKnownFileType = text; path = skull.obj; sourceTree = "<group>"; };
		8A0D27392790BA3900F2D9E6 /* skull.jpg */ = {isa = PBXFileReference; lastKnownFileType = image.jpeg; path = skull.jpg; sourceTree = "<group>"; };
		8A0D273A2790BA3900F2D9E6 /* skull.mtl */ = {isa = PBXFileReference; fileEncoding = 4; lastKnownFileType = text; path = skull.mtl; sourceTree = "<group>"; };
		8A0D27412790C88300F2D9E6 /* LightNode.swift */ = {isa = PBXFileReference; lastKnownFileType = sourcecode.swift; path = LightNode.swift; sourceTree = "<group>"; };
		8A22EAB2278F735D00A8CD7D /* Engine.swift */ = {isa = PBXFileReference; lastKnownFileType = sourcecode.swift; path = Engine.swift; sourceTree = "<group>"; };
		8A22EAB8278F7E7100A8CD7D /* VertexDescriptorLibrary.swift */ = {isa = PBXFileReference; lastKnownFileType = sourcecode.swift; path = VertexDescriptorLibrary.swift; sourceTree = "<group>"; };
		8A22EABF278F880700A8CD7D /* GameObject.swift */ = {isa = PBXFileReference; lastKnownFileType = sourcecode.swift; path = GameObject.swift; sourceTree = "<group>"; };
		8A22EAC1278F8BE000A8CD7D /* Renderer.swift */ = {isa = PBXFileReference; lastKnownFileType = sourcecode.swift; path = Renderer.swift; sourceTree = "<group>"; };
		8A22EAC3278F92CD00A8CD7D /* Node.swift */ = {isa = PBXFileReference; lastKnownFileType = sourcecode.swift; path = Node.swift; sourceTree = "<group>"; };
		8A22EAC5278F940600A8CD7D /* Renderable.swift */ = {isa = PBXFileReference; lastKnownFileType = sourcecode.swift; path = Renderable.swift; sourceTree = "<group>"; };
		8A22EAC9278FA89A00A8CD7D /* Math.swift */ = {isa = PBXFileReference; lastKnownFileType = sourcecode.swift; path = Math.swift; sourceTree = "<group>"; };
		8A33E704279B77070023D6C0 /* ssao.metal */ = {isa = PBXFileReference; lastKnownFileType = sourcecode.metal; path = ssao.metal; sourceTree = "<group>"; };
		8A33E708279B85F80023D6C0 /* ssao.h */ = {isa = PBXFileReference; lastKnownFileType = sourcecode.c.h; path = ssao.h; sourceTree = "<group>"; };
		8A33E70B279B88390023D6C0 /* Loki.h */ = {isa = PBXFileReference; lastKnownFileType = sourcecode.c.h; path = Loki.h; sourceTree = "<group>"; };
		8A42052B279748E200473A9D /* clouds.png */ = {isa = PBXFileReference; lastKnownFileType = image.png; path = clouds.png; sourceTree = "<group>"; };
		8A420530279749AF00473A9D /* SkySphere.swift */ = {isa = PBXFileReference; lastKnownFileType = sourcecode.swift; path = SkySphere.swift; sourceTree = "<group>"; };
		8A42053427975B9F00473A9D /* skysphere.obj */ = {isa = PBXFileReference; fileEncoding = 4; lastKnownFileType = text; path = skysphere.obj; sourceTree = "<group>"; };
		8A4205362797AA9D00473A9D /* skysphere.mtl */ = {isa = PBXFileReference; fileEncoding = 4; lastKnownFileType = text; path = skysphere.mtl; sourceTree = "<group>"; };
		8A4205382797AED500473A9D /* clouds2.jpg */ = {isa = PBXFileReference; lastKnownFileType = image.jpeg; path = clouds2.jpg; sourceTree = "<group>"; };
		8A42053A2797B03400473A9D /* SkySphere.metal */ = {isa = PBXFileReference; lastKnownFileType = sourcecode.metal; path = SkySphere.metal; sourceTree = "<group>"; };
		8A42053C27981D2F00473A9D /* Compose.metal */ = {isa = PBXFileReference; lastKnownFileType = sourcecode.metal; path = Compose.metal; sourceTree = "<group>"; };
		8A42053E279820C500473A9D /* quad.obj */ = {isa = PBXFileReference; fileEncoding = 4; lastKnownFileType = text; path = quad.obj; sourceTree = "<group>"; };
		8A42054427987C3500473A9D /* MetalRenderer-Bridging-Header.h */ = {isa = PBXFileReference; lastKnownFileType = sourcecode.c.h; path = "MetalRenderer-Bridging-Header.h"; sourceTree = "<group>"; };
		8A56D70F278E058200D3FE2B /* MetalRenderer.app */ = {isa = PBXFileReference; explicitFileType = wrapper.application; includeInIndex = 0; path = MetalRenderer.app; sourceTree = BUILT_PRODUCTS_DIR; };
		8A56D712278E058200D3FE2B /* AppDelegate.swift */ = {isa = PBXFileReference; lastKnownFileType = sourcecode.swift; path = AppDelegate.swift; sourceTree = "<group>"; };
		8A56D717278E058200D3FE2B /* MetalRenderer.xcdatamodel */ = {isa = PBXFileReference; lastKnownFileType = wrapper.xcdatamodel; path = MetalRenderer.xcdatamodel; sourceTree = "<group>"; };
		8A56D719278E058400D3FE2B /* Assets.xcassets */ = {isa = PBXFileReference; lastKnownFileType = folder.assetcatalog; path = Assets.xcassets; sourceTree = "<group>"; };
		8A56D71C278E058400D3FE2B /* Base */ = {isa = PBXFileReference; lastKnownFileType = file.storyboard; name = Base; path = Base.lproj/Main.storyboard; sourceTree = "<group>"; };
		8A56D71E278E058400D3FE2B /* Info.plist */ = {isa = PBXFileReference; lastKnownFileType = text.plist.xml; path = Info.plist; sourceTree = "<group>"; };
		8A56D71F278E058400D3FE2B /* MetalRenderer.entitlements */ = {isa = PBXFileReference; lastKnownFileType = text.plist.entitlements; path = MetalRenderer.entitlements; sourceTree = "<group>"; };
		8A56D727278E091900D3FE2B /* GameView.swift */ = {isa = PBXFileReference; lastKnownFileType = sourcecode.swift; path = GameView.swift; sourceTree = "<group>"; };
		8A56D729278E10F600D3FE2B /* GBuffer.metal */ = {isa = PBXFileReference; lastKnownFileType = sourcecode.metal; path = GBuffer.metal; sourceTree = "<group>"; };
		8A56D72B278E61CD00D3FE2B /* MetalTypes.swift */ = {isa = PBXFileReference; lastKnownFileType = sourcecode.swift; path = MetalTypes.swift; sourceTree = "<group>"; };
		8A5DBB4527A94AD60088F693 /* mine_barrel.dae */ = {isa = PBXFileReference; fileEncoding = 4; lastKnownFileType = text.xml.dae; path = mine_barrel.dae; sourceTree = "<group>"; };
		8A5DBB4727A94BA90088F693 /* mine_barrel.jpeg */ = {isa = PBXFileReference; lastKnownFileType = image.jpeg; path = mine_barrel.jpeg; sourceTree = "<group>"; };
		8A5DBB4C27A94CA20088F693 /* mine_barrel.mat */ = {isa = PBXFileReference; fileEncoding = 4; lastKnownFileType = text; path = mine_barrel.mat; sourceTree = "<group>"; };
		8A5DBB4E27A9D26A0088F693 /* Shadowmap.metal */ = {isa = PBXFileReference; lastKnownFileType = sourcecode.metal; path = Shadowmap.metal; sourceTree = "<group>"; };
		8A62320B2795BC2B00B1757C /* well-diff.png */ = {isa = PBXFileReference; lastKnownFileType = image.png; path = "well-diff.png"; sourceTree = "<group>"; };
		8A62320C2795BC2B00B1757C /* well.obj */ = {isa = PBXFileReference; fileEncoding = 4; lastKnownFileType = text; path = well.obj; sourceTree = "<group>"; };
		8A62320D2795BC2B00B1757C /* well-normal.png */ = {isa = PBXFileReference; lastKnownFileType = image.png; path = "well-normal.png"; sourceTree = "<group>"; };
		8A6232122795BC5000B1757C /* well.mtl */ = {isa = PBXFileReference; fileEncoding = 4; lastKnownFileType = text; path = well.mtl; sourceTree = "<group>"; };
		8A6232142795DF4600B1757C /* ForestScene.swift */ = {isa = PBXFileReference; lastKnownFileType = sourcecode.swift; path = ForestScene.swift; sourceTree = "<group>"; };
		8A62321B2795F19500B1757C /* forest.json */ = {isa = PBXFileReference; fileEncoding = 4; lastKnownFileType = text.json; path = forest.json; sourceTree = "<group>"; };
		8A62321E2795FA6C00B1757C /* ground_grass.obj */ = {isa = PBXFileReference; fileEncoding = 4; lastKnownFileType = text; path = ground_grass.obj; sourceTree = "<group>"; };
		8A62321F2795FA6C00B1757C /* ground_grass.mtl */ = {isa = PBXFileReference; fileEncoding = 4; lastKnownFileType = text; path = ground_grass.mtl; sourceTree = "<group>"; };
		8A6232232796064300B1757C /* tree_pineRoundC.obj */ = {isa = PBXFileReference; fileEncoding = 4; lastKnownFileType = text; path = tree_pineRoundC.obj; sourceTree = "<group>"; };
		8A6232242796064300B1757C /* tree_pineDefaultB.obj */ = {isa = PBXFileReference; fileEncoding = 4; lastKnownFileType = text; path = tree_pineDefaultB.obj; sourceTree = "<group>"; };
		8A6232252796064300B1757C /* tree_pineTallA_detailed.mtl */ = {isa = PBXFileReference; fileEncoding = 4; lastKnownFileType = text; path = tree_pineTallA_detailed.mtl; sourceTree = "<group>"; };
		8A6232262796064300B1757C /* tree_pineTallA_detailed.obj */ = {isa = PBXFileReference; fileEncoding = 4; lastKnownFileType = text; path = tree_pineTallA_detailed.obj; sourceTree = "<group>"; };
		8A6232272796064300B1757C /* tree_pineRoundC.mtl */ = {isa = PBXFileReference; fileEncoding = 4; lastKnownFileType = text; path = tree_pineRoundC.mtl; sourceTree = "<group>"; };
		8A6232282796064300B1757C /* tree_pineDefaultB.mtl */ = {isa = PBXFileReference; fileEncoding = 4; lastKnownFileType = text; path = tree_pineDefaultB.mtl; sourceTree = "<group>"; };
		8A62323027961D8000B1757C /* flower_redA.mtl */ = {isa = PBXFileReference; fileEncoding = 4; lastKnownFileType = text; path = flower_redA.mtl; sourceTree = "<group>"; };
		8A62323127961D8000B1757C /* flower_yellowA.mtl */ = {isa = PBXFileReference; fileEncoding = 4; lastKnownFileType = text; path = flower_yellowA.mtl; sourceTree = "<group>"; };
		8A62323227961D8000B1757C /* flower_purpleA.mtl */ = {isa = PBXFileReference; fileEncoding = 4; lastKnownFileType = text; path = flower_purpleA.mtl; sourceTree = "<group>"; };
		8A62323327961D8000B1757C /* flower_purpleA.obj */ = {isa = PBXFileReference; fileEncoding = 4; lastKnownFileType = text; path = flower_purpleA.obj; sourceTree = "<group>"; };
		8A62323427961D8000B1757C /* flower_redA.obj */ = {isa = PBXFileReference; fileEncoding = 4; lastKnownFileType = text; path = flower_redA.obj; sourceTree = "<group>"; };
		8A62323527961D8000B1757C /* flower_yellowA.obj */ = {isa = PBXFileReference; fileEncoding = 4; lastKnownFileType = text; path = flower_yellowA.obj; sourceTree = "<group>"; };
		8A62323C2796282F00B1757C /* Instanced.metal */ = {isa = PBXFileReference; lastKnownFileType = sourcecode.metal; path = Instanced.metal; sourceTree = "<group>"; };
		8A672E7A279472DC00703001 /* chest.obj */ = {isa = PBXFileReference; fileEncoding = 4; lastKnownFileType = text; path = chest.obj; sourceTree = "<group>"; };
		8A672E7D2794CA5900703001 /* Chest_Metal_Base_Color.png */ = {isa = PBXFileReference; lastKnownFileType = image.png; path = Chest_Metal_Base_Color.png; sourceTree = "<group>"; };
		8A672E7E2794CA5900703001 /* Chest_Wood_Base_Color.png */ = {isa = PBXFileReference; lastKnownFileType = image.png; path = Chest_Wood_Base_Color.png; sourceTree = "<group>"; };
		8A672E842794D5B800703001 /* chest.mtl */ = {isa = PBXFileReference; fileEncoding = 4; lastKnownFileType = text; path = chest.mtl; sourceTree = "<group>"; };
		8A9C235727A4D5AA00965D21 /* Octree.swift */ = {isa = PBXFileReference; lastKnownFileType = sourcecode.swift; path = Octree.swift; sourceTree = "<group>"; };
		8A9C235927A4DB4100965D21 /* Wireframe.metal */ = {isa = PBXFileReference; lastKnownFileType = sourcecode.metal; path = Wireframe.metal; sourceTree = "<group>"; };
		8A9C764C27A8856F00D3BC90 /* PipelineState.swift */ = {isa = PBXFileReference; lastKnownFileType = sourcecode.swift; path = PipelineState.swift; sourceTree = "<group>"; };
		8A9EE2CB27A5A1C5000A15C1 /* AABB.swift */ = {isa = PBXFileReference; lastKnownFileType = sourcecode.swift; path = AABB.swift; sourceTree = "<group>"; };
		8AA0652B279AB45E00492D26 /* Utils.swift */ = {isa = PBXFileReference; lastKnownFileType = sourcecode.swift; path = Utils.swift; sourceTree = "<group>"; };
		8AA6C3EA2792EBB300DCB7B7 /* Transform.swift */ = {isa = PBXFileReference; lastKnownFileType = sourcecode.swift; path = Transform.swift; sourceTree = "<group>"; };
		8AA6C3EC2793111100DCB7B7 /* Material.swift */ = {isa = PBXFileReference; lastKnownFileType = sourcecode.swift; path = Material.swift; sourceTree = "<group>"; };
		8AA6C3EE27935AC600DCB7B7 /* sphere.obj */ = {isa = PBXFileReference; fileEncoding = 4; lastKnownFileType = text; path = sphere.obj; sourceTree = "<group>"; };
		8ABAABCD27A709310091D260 /* Lighting.metal */ = {isa = PBXFileReference; lastKnownFileType = sourcecode.metal; path = Lighting.metal; sourceTree = "<group>"; };
		8AC1658B278FBB8B00E1816A /* Scene.swift */ = {isa = PBXFileReference; lastKnownFileType = sourcecode.swift; path = Scene.swift; sourceTree = "<group>"; };
		8AF4401C27999ABC009E83A8 /* tent_smallOpen.obj */ = {isa = PBXFileReference; fileEncoding = 4; lastKnownFileType = text; path = tent_smallOpen.obj; sourceTree = "<group>"; };
		8AF4401D27999ABC009E83A8 /* tent_smallOpen.mtl */ = {isa = PBXFileReference; fileEncoding = 4; lastKnownFileType = text; path = tent_smallOpen.mtl; sourceTree = "<group>"; };
		8AF48CBA279B29EC00C91C15 /* Loki.metal */ = {isa = PBXFileReference; fileEncoding = 4; lastKnownFileType = sourcecode.metal; path = Loki.metal; sourceTree = "<group>"; };
/* End PBXFileReference section */

/* Begin PBXFrameworksBuildPhase section */
		8A56D70C278E058200D3FE2B /* Frameworks */ = {
			isa = PBXFrameworksBuildPhase;
			buildActionMask = 2147483647;
			files = (
			);
			runOnlyForDeploymentPostprocessing = 0;
		};
/* End PBXFrameworksBuildPhase section */

/* Begin PBXGroup section */
		8A0D27252790810600F2D9E6 /* Input */ = {
			isa = PBXGroup;
			children = (
				8A0D271727901DF100F2D9E6 /* Input.swift */,
				8A0D271927901E2400F2D9E6 /* KeyCodes.swift */,
			);
			path = Input;
			sourceTree = "<group>";
		};
		8A0D272C2790A0E900F2D9E6 /* Resources */ = {
			isa = PBXGroup;
			children = (
				8A5DBB4927A94C340088F693 /* MineBarrel */,
				8A42052A279748D700473A9D /* Skysphere */,
				8A62321A2795EFDA00B1757C /* Forest */,
				8A6232092795BC1700B1757C /* Well */,
				8A672E79279472D200703001 /* Chest */,
				8A0D27372790BA1D00F2D9E6 /* Skull */,
				8AA6C3EE27935AC600DCB7B7 /* sphere.obj */,
				8A42053E279820C500473A9D /* quad.obj */,
			);
			path = Resources;
			sourceTree = "<group>";
		};
		8A0D27372790BA1D00F2D9E6 /* Skull */ = {
			isa = PBXGroup;
			children = (
				8A0D27392790BA3900F2D9E6 /* skull.jpg */,
				8A0D273A2790BA3900F2D9E6 /* skull.mtl */,
				8A0D27382790BA3900F2D9E6 /* skull.obj */,
			);
			path = Skull;
			sourceTree = "<group>";
		};
		8A22EAB4278F771900A8CD7D /* Display */ = {
			isa = PBXGroup;
			children = (
				8A9C764C27A8856F00D3BC90 /* PipelineState.swift */,
				8A22EAC1278F8BE000A8CD7D /* Renderer.swift */,
				8A56D727278E091900D3FE2B /* GameView.swift */,
				8A56D71B278E058400D3FE2B /* Main.storyboard */,
			);
			path = Display;
			sourceTree = "<group>";
		};
		8A22EAB5278F779E00A8CD7D /* Core */ = {
			isa = PBXGroup;
			children = (
				8A0D272C2790A0E900F2D9E6 /* Resources */,
				8A0D27252790810600F2D9E6 /* Input */,
				8A0D27232790808400F2D9E6 /* Sizeable.swift */,
				8A56D72B278E61CD00D3FE2B /* MetalTypes.swift */,
				8A22EAB2278F735D00A8CD7D /* Engine.swift */,
				8A0D272627908D5A00F2D9E6 /* GameTime.swift */,
				8A0D271D279043DD00F2D9E6 /* SimpleQuad.swift */,
				8AA0652B279AB45E00492D26 /* Utils.swift */,
			);
			path = Core;
			sourceTree = "<group>";
		};
		8A22EABE278F87F400A8CD7D /* Game */ = {
			isa = PBXGroup;
			children = (
				8A42052F2797498C00473A9D /* GameObjects */,
				8A6232162795DF4F00B1757C /* Scene */,
				8A22EAC5278F940600A8CD7D /* Renderable.swift */,
				8AA6C3EA2792EBB300DCB7B7 /* Transform.swift */,
				8A0D27352790A7A200F2D9E6 /* Mesh.swift */,
				8AA6C3EC2793111100DCB7B7 /* Material.swift */,
			);
			path = Game;
			sourceTree = "<group>";
		};
		8A22EAC7278FA37D00A8CD7D /* Shaders */ = {
			isa = PBXGroup;
			children = (
				8A33E70A279B87CB0023D6C0 /* Loki */,
				8A33E709279B87970023D6C0 /* SSAO */,
				8A0D272127907F0200F2D9E6 /* Common.metal */,
				8A56D729278E10F600D3FE2B /* GBuffer.metal */,
				8A62323C2796282F00B1757C /* Instanced.metal */,
				8A42053A2797B03400473A9D /* SkySphere.metal */,
				8A42053C27981D2F00473A9D /* Compose.metal */,
				8A9C235927A4DB4100965D21 /* Wireframe.metal */,
				8ABAABCD27A709310091D260 /* Lighting.metal */,
				8A5DBB4E27A9D26A0088F693 /* Shadowmap.metal */,
			);
			path = Shaders;
			sourceTree = "<group>";
		};
		8A22EAC8278FA87A00A8CD7D /* Math */ = {
			isa = PBXGroup;
			children = (
				8A22EAC9278FA89A00A8CD7D /* Math.swift */,
			);
			path = Math;
			sourceTree = "<group>";
		};
		8A33E709279B87970023D6C0 /* SSAO */ = {
			isa = PBXGroup;
			children = (
				8A33E704279B77070023D6C0 /* ssao.metal */,
				8A33E708279B85F80023D6C0 /* ssao.h */,
			);
			path = SSAO;
			sourceTree = "<group>";
		};
		8A33E70A279B87CB0023D6C0 /* Loki */ = {
			isa = PBXGroup;
			children = (
				8AF48CBA279B29EC00C91C15 /* Loki.metal */,
				8A33E70B279B88390023D6C0 /* Loki.h */,
			);
			path = Loki;
			sourceTree = "<group>";
		};
		8A42052A279748D700473A9D /* Skysphere */ = {
			isa = PBXGroup;
			children = (
				8A42052B279748E200473A9D /* clouds.png */,
				8A4205382797AED500473A9D /* clouds2.jpg */,
				8A4205362797AA9D00473A9D /* skysphere.mtl */,
				8A42053427975B9F00473A9D /* skysphere.obj */,
			);
			path = Skysphere;
			sourceTree = "<group>";
		};
		8A42052F2797498C00473A9D /* GameObjects */ = {
			isa = PBXGroup;
			children = (
				8A22EABF278F880700A8CD7D /* GameObject.swift */,
				8A420530279749AF00473A9D /* SkySphere.swift */,
			);
			path = GameObjects;
			sourceTree = "<group>";
		};
		8A56D706278E058200D3FE2B = {
			isa = PBXGroup;
			children = (
				8A56D711278E058200D3FE2B /* MetalRenderer */,
				8A56D710278E058200D3FE2B /* Products */,
			);
			sourceTree = "<group>";
		};
		8A56D710278E058200D3FE2B /* Products */ = {
			isa = PBXGroup;
			children = (
				8A56D70F278E058200D3FE2B /* MetalRenderer.app */,
			);
			name = Products;
			sourceTree = "<group>";
		};
		8A56D711278E058200D3FE2B /* MetalRenderer */ = {
			isa = PBXGroup;
			children = (
				8A22EAC8278FA87A00A8CD7D /* Math */,
				8A22EABE278F87F400A8CD7D /* Game */,
				8A22EAB5278F779E00A8CD7D /* Core */,
				8A22EAB4278F771900A8CD7D /* Display */,
				8A56D726278E085400D3FE2B /* Library */,
				8A22EAC7278FA37D00A8CD7D /* Shaders */,
				8A56D725278E065900D3FE2B /* Other Files */,
			);
			path = MetalRenderer;
			sourceTree = "<group>";
		};
		8A56D725278E065900D3FE2B /* Other Files */ = {
			isa = PBXGroup;
			children = (
				8A56D712278E058200D3FE2B /* AppDelegate.swift */,
				8A56D719278E058400D3FE2B /* Assets.xcassets */,
				8A56D71E278E058400D3FE2B /* Info.plist */,
				8A56D71F278E058400D3FE2B /* MetalRenderer.entitlements */,
				8A56D716278E058200D3FE2B /* MetalRenderer.xcdatamodeld */,
				8A42054427987C3500473A9D /* MetalRenderer-Bridging-Header.h */,
			);
			path = "Other Files";
			sourceTree = "<group>";
		};
		8A56D726278E085400D3FE2B /* Library */ = {
			isa = PBXGroup;
			children = (
				8A22EAB8278F7E7100A8CD7D /* VertexDescriptorLibrary.swift */,
				8A0D271F27905E9400F2D9E6 /* DepthStencilStateLibrary.swift */,
				8A0D27282790981F00F2D9E6 /* TextureLibrary.swift */,
			);
			path = Library;
			sourceTree = "<group>";
		};
		8A5DBB4927A94C340088F693 /* MineBarrel */ = {
			isa = PBXGroup;
			children = (
				8A5DBB4C27A94CA20088F693 /* mine_barrel.mat */,
				8A5DBB4527A94AD60088F693 /* mine_barrel.dae */,
				8A5DBB4727A94BA90088F693 /* mine_barrel.jpeg */,
			);
			path = MineBarrel;
			sourceTree = "<group>";
		};
		8A6232092795BC1700B1757C /* Well */ = {
			isa = PBXGroup;
			children = (
				8A62320B2795BC2B00B1757C /* well-diff.png */,
				8A62320D2795BC2B00B1757C /* well-normal.png */,
				8A6232122795BC5000B1757C /* well.mtl */,
				8A62320C2795BC2B00B1757C /* well.obj */,
			);
			path = Well;
			sourceTree = "<group>";
		};
		8A6232162795DF4F00B1757C /* Scene */ = {
			isa = PBXGroup;
			children = (
				8A22EAC3278F92CD00A8CD7D /* Node.swift */,
				8AC1658B278FBB8B00E1816A /* Scene.swift */,
				8A0D271B279033A100F2D9E6 /* Camera.swift */,
				8A0D27412790C88300F2D9E6 /* LightNode.swift */,
				8A6232142795DF4600B1757C /* ForestScene.swift */,
				8A9C235727A4D5AA00965D21 /* Octree.swift */,
				8A9EE2CB27A5A1C5000A15C1 /* AABB.swift */,
			);
			path = Scene;
			sourceTree = "<group>";
		};
		8A62321A2795EFDA00B1757C /* Forest */ = {
			isa = PBXGroup;
			children = (
				8AF4401B27999AB1009E83A8 /* Tent */,
				8A62322F27961D6A00B1757C /* Flowers */,
				8A6232222796063600B1757C /* Trees */,
				8A62321D2795FA6300B1757C /* Terrain */,
				8A62321B2795F19500B1757C /* forest.json */,
			);
			path = Forest;
			sourceTree = "<group>";
		};
		8A62321D2795FA6300B1757C /* Terrain */ = {
			isa = PBXGroup;
			children = (
				8A62321F2795FA6C00B1757C /* ground_grass.mtl */,
				8A62321E2795FA6C00B1757C /* ground_grass.obj */,
			);
			path = Terrain;
			sourceTree = "<group>";
		};
		8A6232222796063600B1757C /* Trees */ = {
			isa = PBXGroup;
			children = (
				8A6232282796064300B1757C /* tree_pineDefaultB.mtl */,
				8A6232242796064300B1757C /* tree_pineDefaultB.obj */,
				8A6232272796064300B1757C /* tree_pineRoundC.mtl */,
				8A6232232796064300B1757C /* tree_pineRoundC.obj */,
				8A6232252796064300B1757C /* tree_pineTallA_detailed.mtl */,
				8A6232262796064300B1757C /* tree_pineTallA_detailed.obj */,
			);
			path = Trees;
			sourceTree = "<group>";
		};
		8A62322F27961D6A00B1757C /* Flowers */ = {
			isa = PBXGroup;
			children = (
				8A62323227961D8000B1757C /* flower_purpleA.mtl */,
				8A62323327961D8000B1757C /* flower_purpleA.obj */,
				8A62323027961D8000B1757C /* flower_redA.mtl */,
				8A62323427961D8000B1757C /* flower_redA.obj */,
				8A62323127961D8000B1757C /* flower_yellowA.mtl */,
				8A62323527961D8000B1757C /* flower_yellowA.obj */,
			);
			path = Flowers;
			sourceTree = "<group>";
		};
		8A672E79279472D200703001 /* Chest */ = {
			isa = PBXGroup;
			children = (
				8A672E7D2794CA5900703001 /* Chest_Metal_Base_Color.png */,
				8A672E7E2794CA5900703001 /* Chest_Wood_Base_Color.png */,
				8A672E842794D5B800703001 /* chest.mtl */,
				8A672E7A279472DC00703001 /* chest.obj */,
			);
			path = Chest;
			sourceTree = "<group>";
		};
		8AF4401B27999AB1009E83A8 /* Tent */ = {
			isa = PBXGroup;
			children = (
				8AF4401D27999ABC009E83A8 /* tent_smallOpen.mtl */,
				8AF4401C27999ABC009E83A8 /* tent_smallOpen.obj */,
			);
			path = Tent;
			sourceTree = "<group>";
		};
/* End PBXGroup section */

/* Begin PBXNativeTarget section */
		8A56D70E278E058200D3FE2B /* MetalRenderer */ = {
			isa = PBXNativeTarget;
			buildConfigurationList = 8A56D722278E058400D3FE2B /* Build configuration list for PBXNativeTarget "MetalRenderer" */;
			buildPhases = (
				8A56D70B278E058200D3FE2B /* Sources */,
				8A56D70C278E058200D3FE2B /* Frameworks */,
				8A56D70D278E058200D3FE2B /* Resources */,
			);
			buildRules = (
			);
			dependencies = (
			);
			name = MetalRenderer;
			packageProductDependencies = (
			);
			productName = MetalRenderer;
			productReference = 8A56D70F278E058200D3FE2B /* MetalRenderer.app */;
			productType = "com.apple.product-type.application";
		};
/* End PBXNativeTarget section */

/* Begin PBXProject section */
		8A56D707278E058200D3FE2B /* Project object */ = {
			isa = PBXProject;
			attributes = {
				LastSwiftUpdateCheck = 1250;
				LastUpgradeCheck = 1250;
				TargetAttributes = {
					8A56D70E278E058200D3FE2B = {
						CreatedOnToolsVersion = 12.5;
						LastSwiftMigration = 1250;
					};
				};
			};
			buildConfigurationList = 8A56D70A278E058200D3FE2B /* Build configuration list for PBXProject "MetalRenderer" */;
			compatibilityVersion = "Xcode 9.3";
			developmentRegion = en;
			hasScannedForEncodings = 0;
			knownRegions = (
				en,
				Base,
			);
			mainGroup = 8A56D706278E058200D3FE2B;
			packageReferences = (
			);
			productRefGroup = 8A56D710278E058200D3FE2B /* Products */;
			projectDirPath = "";
			projectRoot = "";
			targets = (
				8A56D70E278E058200D3FE2B /* MetalRenderer */,
			);
		};
/* End PBXProject section */

/* Begin PBXResourcesBuildPhase section */
		8A56D70D278E058200D3FE2B /* Resources */ = {
			isa = PBXResourcesBuildPhase;
			buildActionMask = 2147483647;
			files = (
				8A62323927961D8000B1757C /* flower_purpleA.obj in Resources */,
				8A672E7B279472DC00703001 /* chest.obj in Resources */,
				8A5DBB4827A94BA90088F693 /* mine_barrel.jpeg in Resources */,
				8A62322C2796064300B1757C /* tree_pineTallA_detailed.obj in Resources */,
				8A62322D2796064300B1757C /* tree_pineRoundC.mtl in Resources */,
				8A5DBB4627A94AD60088F693 /* mine_barrel.dae in Resources */,
				8A672E812794CA5900703001 /* Chest_Wood_Base_Color.png in Resources */,
				8A62322A2796064300B1757C /* tree_pineDefaultB.obj in Resources */,
				8A4205372797AA9D00473A9D /* skysphere.mtl in Resources */,
				8A0D273D2790BA3900F2D9E6 /* skull.mtl in Resources */,
				8A62323827961D8000B1757C /* flower_purpleA.mtl in Resources */,
				8A42053527975B9F00473A9D /* skysphere.obj in Resources */,
				8AF4401F27999ABC009E83A8 /* tent_smallOpen.mtl in Resources */,
				8A0D273B2790BA3900F2D9E6 /* skull.obj in Resources */,
				8A56D71A278E058400D3FE2B /* Assets.xcassets in Resources */,
				8A42053F279820C500473A9D /* quad.obj in Resources */,
				8A62322E2796064300B1757C /* tree_pineDefaultB.mtl in Resources */,
				8AA6C3EF27935AC600DCB7B7 /* sphere.obj in Resources */,
				8A6232102795BC2B00B1757C /* well.obj in Resources */,
				8A42052D279748E200473A9D /* clouds.png in Resources */,
				8AF4401E27999ABC009E83A8 /* tent_smallOpen.obj in Resources */,
				8A6232202795FA6C00B1757C /* ground_grass.obj in Resources */,
				8A62323A27961D8000B1757C /* flower_redA.obj in Resources */,
				8A62323627961D8000B1757C /* flower_redA.mtl in Resources */,
				8A5DBB4D27A94CA20088F693 /* mine_barrel.mat in Resources */,
				8A62321C2795F19500B1757C /* forest.json in Resources */,
				8A4205392797AED500473A9D /* clouds2.jpg in Resources */,
				8A62322B2796064300B1757C /* tree_pineTallA_detailed.mtl in Resources */,
				8A0D273C2790BA3900F2D9E6 /* skull.jpg in Resources */,
				8A62323B27961D8000B1757C /* flower_yellowA.obj in Resources */,
				8A6232132795BC5000B1757C /* well.mtl in Resources */,
				8A56D71D278E058400D3FE2B /* Main.storyboard in Resources */,
				8A6232292796064300B1757C /* tree_pineRoundC.obj in Resources */,
				8A672E852794D5B800703001 /* chest.mtl in Resources */,
				8A6232212795FA6C00B1757C /* ground_grass.mtl in Resources */,
				8A62323727961D8000B1757C /* flower_yellowA.mtl in Resources */,
				8A62320F2795BC2B00B1757C /* well-diff.png in Resources */,
				8A6232112795BC2B00B1757C /* well-normal.png in Resources */,
				8A672E802794CA5900703001 /* Chest_Metal_Base_Color.png in Resources */,
			);
			runOnlyForDeploymentPostprocessing = 0;
		};
/* End PBXResourcesBuildPhase section */

/* Begin PBXSourcesBuildPhase section */
		8A56D70B278E058200D3FE2B /* Sources */ = {
			isa = PBXSourcesBuildPhase;
			buildActionMask = 2147483647;
			files = (
				8A0D271A27901E2400F2D9E6 /* KeyCodes.swift in Sources */,
				8A22EAC0278F880700A8CD7D /* GameObject.swift in Sources */,
				8A56D72A278E10F600D3FE2B /* GBuffer.metal in Sources */,
				8A22EAB3278F735D00A8CD7D /* Engine.swift in Sources */,
				8A0D272227907F0200F2D9E6 /* Common.metal in Sources */,
				8A0D27292790981F00F2D9E6 /* TextureLibrary.swift in Sources */,
				8A22EAB9278F7E7100A8CD7D /* VertexDescriptorLibrary.swift in Sources */,
				8ABAABCE27A709310091D260 /* Lighting.metal in Sources */,
				8A9EE2CC27A5A1C5000A15C1 /* AABB.swift in Sources */,
				8AC1658C278FBB8B00E1816A /* Scene.swift in Sources */,
				8A9C235A27A4DB4100965D21 /* Wireframe.metal in Sources */,
				8A62323D2796282F00B1757C /* Instanced.metal in Sources */,
				8A5DBB4F27A9D26A0088F693 /* Shadowmap.metal in Sources */,
				8A33E705279B77070023D6C0 /* ssao.metal in Sources */,
				8A0D271E279043DD00F2D9E6 /* SimpleQuad.swift in Sources */,
				8A420531279749AF00473A9D /* SkySphere.swift in Sources */,
				8A22EAC2278F8BE000A8CD7D /* Renderer.swift in Sources */,
				8A9C764D27A8856F00D3BC90 /* PipelineState.swift in Sources */,
				8AA0652C279AB45E00492D26 /* Utils.swift in Sources */,
				8A22EAC4278F92CD00A8CD7D /* Node.swift in Sources */,
				8A0D27362790A7A200F2D9E6 /* Mesh.swift in Sources */,
				8A56D728278E091900D3FE2B /* GameView.swift in Sources */,
				8A56D718278E058200D3FE2B /* MetalRenderer.xcdatamodeld in Sources */,
				8A42053B2797B03400473A9D /* SkySphere.metal in Sources */,
				8A22EAC6278F940600A8CD7D /* Renderable.swift in Sources */,
				8A9C235827A4D5AA00965D21 /* Octree.swift in Sources */,
				8A0D271C279033A100F2D9E6 /* Camera.swift in Sources */,
				8A0D272027905E9400F2D9E6 /* DepthStencilStateLibrary.swift in Sources */,
				8A6232152795DF4700B1757C /* ForestScene.swift in Sources */,
				8A42053D27981D2F00473A9D /* Compose.metal in Sources */,
				8A56D72C278E61CD00D3FE2B /* MetalTypes.swift in Sources */,
				8AA6C3EB2792EBB300DCB7B7 /* Transform.swift in Sources */,
				8A0D272727908D5A00F2D9E6 /* GameTime.swift in Sources */,
				8A0D27242790808400F2D9E6 /* Sizeable.swift in Sources */,
				8AF48CBC279B29EC00C91C15 /* Loki.metal in Sources */,
				8A0D27422790C88300F2D9E6 /* LightNode.swift in Sources */,
				8A0D271827901DF100F2D9E6 /* Input.swift in Sources */,
				8AA6C3ED2793111100DCB7B7 /* Material.swift in Sources */,
				8A56D713278E058200D3FE2B /* AppDelegate.swift in Sources */,
				8A22EACA278FA89A00A8CD7D /* Math.swift in Sources */,
			);
			runOnlyForDeploymentPostprocessing = 0;
		};
/* End PBXSourcesBuildPhase section */

/* Begin PBXVariantGroup section */
		8A56D71B278E058400D3FE2B /* Main.storyboard */ = {
			isa = PBXVariantGroup;
			children = (
				8A56D71C278E058400D3FE2B /* Base */,
			);
			name = Main.storyboard;
			sourceTree = "<group>";
		};
/* End PBXVariantGroup section */

/* Begin XCBuildConfiguration section */
		8A56D720278E058400D3FE2B /* Debug */ = {
			isa = XCBuildConfiguration;
			buildSettings = {
				ALWAYS_SEARCH_USER_PATHS = NO;
				CLANG_ANALYZER_NONNULL = YES;
				CLANG_ANALYZER_NUMBER_OBJECT_CONVERSION = YES_AGGRESSIVE;
				CLANG_CXX_LANGUAGE_STANDARD = "gnu++14";
				CLANG_CXX_LIBRARY = "libc++";
				CLANG_ENABLE_MODULES = YES;
				CLANG_ENABLE_OBJC_ARC = YES;
				CLANG_ENABLE_OBJC_WEAK = YES;
				CLANG_WARN_BLOCK_CAPTURE_AUTORELEASING = YES;
				CLANG_WARN_BOOL_CONVERSION = YES;
				CLANG_WARN_COMMA = YES;
				CLANG_WARN_CONSTANT_CONVERSION = YES;
				CLANG_WARN_DEPRECATED_OBJC_IMPLEMENTATIONS = YES;
				CLANG_WARN_DIRECT_OBJC_ISA_USAGE = YES_ERROR;
				CLANG_WARN_DOCUMENTATION_COMMENTS = YES;
				CLANG_WARN_EMPTY_BODY = YES;
				CLANG_WARN_ENUM_CONVERSION = YES;
				CLANG_WARN_INFINITE_RECURSION = YES;
				CLANG_WARN_INT_CONVERSION = YES;
				CLANG_WARN_NON_LITERAL_NULL_CONVERSION = YES;
				CLANG_WARN_OBJC_IMPLICIT_RETAIN_SELF = YES;
				CLANG_WARN_OBJC_LITERAL_CONVERSION = YES;
				CLANG_WARN_OBJC_ROOT_CLASS = YES_ERROR;
				CLANG_WARN_QUOTED_INCLUDE_IN_FRAMEWORK_HEADER = YES;
				CLANG_WARN_RANGE_LOOP_ANALYSIS = YES;
				CLANG_WARN_STRICT_PROTOTYPES = YES;
				CLANG_WARN_SUSPICIOUS_MOVE = YES;
				CLANG_WARN_UNGUARDED_AVAILABILITY = YES_AGGRESSIVE;
				CLANG_WARN_UNREACHABLE_CODE = YES;
				CLANG_WARN__DUPLICATE_METHOD_MATCH = YES;
				COPY_PHASE_STRIP = NO;
				DEBUG_INFORMATION_FORMAT = dwarf;
				ENABLE_STRICT_OBJC_MSGSEND = YES;
				ENABLE_TESTABILITY = YES;
				GCC_C_LANGUAGE_STANDARD = gnu11;
				GCC_DYNAMIC_NO_PIC = NO;
				GCC_NO_COMMON_BLOCKS = YES;
				GCC_OPTIMIZATION_LEVEL = 0;
				GCC_PREPROCESSOR_DEFINITIONS = (
					"DEBUG=1",
					"$(inherited)",
				);
				GCC_WARN_64_TO_32_BIT_CONVERSION = YES;
				GCC_WARN_ABOUT_RETURN_TYPE = YES_ERROR;
				GCC_WARN_UNDECLARED_SELECTOR = YES;
				GCC_WARN_UNINITIALIZED_AUTOS = YES_AGGRESSIVE;
				GCC_WARN_UNUSED_FUNCTION = YES;
				GCC_WARN_UNUSED_VARIABLE = YES;
				MACOSX_DEPLOYMENT_TARGET = 11.3;
				MTL_ENABLE_DEBUG_INFO = INCLUDE_SOURCE;
				MTL_FAST_MATH = YES;
				ONLY_ACTIVE_ARCH = YES;
				SDKROOT = macosx;
				SWIFT_ACTIVE_COMPILATION_CONDITIONS = DEBUG;
				SWIFT_OPTIMIZATION_LEVEL = "-Onone";
			};
			name = Debug;
		};
		8A56D721278E058400D3FE2B /* Release */ = {
			isa = XCBuildConfiguration;
			buildSettings = {
				ALWAYS_SEARCH_USER_PATHS = NO;
				CLANG_ANALYZER_NONNULL = YES;
				CLANG_ANALYZER_NUMBER_OBJECT_CONVERSION = YES_AGGRESSIVE;
				CLANG_CXX_LANGUAGE_STANDARD = "gnu++14";
				CLANG_CXX_LIBRARY = "libc++";
				CLANG_ENABLE_MODULES = YES;
				CLANG_ENABLE_OBJC_ARC = YES;
				CLANG_ENABLE_OBJC_WEAK = YES;
				CLANG_WARN_BLOCK_CAPTURE_AUTORELEASING = YES;
				CLANG_WARN_BOOL_CONVERSION = YES;
				CLANG_WARN_COMMA = YES;
				CLANG_WARN_CONSTANT_CONVERSION = YES;
				CLANG_WARN_DEPRECATED_OBJC_IMPLEMENTATIONS = YES;
				CLANG_WARN_DIRECT_OBJC_ISA_USAGE = YES_ERROR;
				CLANG_WARN_DOCUMENTATION_COMMENTS = YES;
				CLANG_WARN_EMPTY_BODY = YES;
				CLANG_WARN_ENUM_CONVERSION = YES;
				CLANG_WARN_INFINITE_RECURSION = YES;
				CLANG_WARN_INT_CONVERSION = YES;
				CLANG_WARN_NON_LITERAL_NULL_CONVERSION = YES;
				CLANG_WARN_OBJC_IMPLICIT_RETAIN_SELF = YES;
				CLANG_WARN_OBJC_LITERAL_CONVERSION = YES;
				CLANG_WARN_OBJC_ROOT_CLASS = YES_ERROR;
				CLANG_WARN_QUOTED_INCLUDE_IN_FRAMEWORK_HEADER = YES;
				CLANG_WARN_RANGE_LOOP_ANALYSIS = YES;
				CLANG_WARN_STRICT_PROTOTYPES = YES;
				CLANG_WARN_SUSPICIOUS_MOVE = YES;
				CLANG_WARN_UNGUARDED_AVAILABILITY = YES_AGGRESSIVE;
				CLANG_WARN_UNREACHABLE_CODE = YES;
				CLANG_WARN__DUPLICATE_METHOD_MATCH = YES;
				COPY_PHASE_STRIP = NO;
				DEBUG_INFORMATION_FORMAT = "dwarf-with-dsym";
				ENABLE_NS_ASSERTIONS = NO;
				ENABLE_STRICT_OBJC_MSGSEND = YES;
				GCC_C_LANGUAGE_STANDARD = gnu11;
				GCC_NO_COMMON_BLOCKS = YES;
				GCC_WARN_64_TO_32_BIT_CONVERSION = YES;
				GCC_WARN_ABOUT_RETURN_TYPE = YES_ERROR;
				GCC_WARN_UNDECLARED_SELECTOR = YES;
				GCC_WARN_UNINITIALIZED_AUTOS = YES_AGGRESSIVE;
				GCC_WARN_UNUSED_FUNCTION = YES;
				GCC_WARN_UNUSED_VARIABLE = YES;
				MACOSX_DEPLOYMENT_TARGET = 11.3;
				MTL_ENABLE_DEBUG_INFO = NO;
				MTL_FAST_MATH = YES;
				SDKROOT = macosx;
				SWIFT_COMPILATION_MODE = wholemodule;
				SWIFT_OPTIMIZATION_LEVEL = "-O";
			};
			name = Release;
		};
		8A56D723278E058400D3FE2B /* Debug */ = {
			isa = XCBuildConfiguration;
			buildSettings = {
				ASSETCATALOG_COMPILER_APPICON_NAME = AppIcon;
				ASSETCATALOG_COMPILER_GLOBAL_ACCENT_COLOR_NAME = AccentColor;
				CLANG_ENABLE_MODULES = YES;
				CODE_SIGN_ENTITLEMENTS = "MetalRenderer/Other Files/MetalRenderer.entitlements";
				CODE_SIGN_STYLE = Automatic;
				COMBINE_HIDPI_IMAGES = YES;
				DEVELOPMENT_TEAM = Q9T2S8AD86;
				ENABLE_HARDENED_RUNTIME = YES;
				INFOPLIST_FILE = "$(SRCROOT)/MetalRenderer/Other Files/Info.plist";
				LD_RUNPATH_SEARCH_PATHS = (
					"$(inherited)",
					"@executable_path/../Frameworks",
				);
				PRODUCT_BUNDLE_IDENTIFIER = com.tanelxen.MetalRenderer;
				PRODUCT_NAME = "$(TARGET_NAME)";
				SWIFT_OBJC_BRIDGING_HEADER = "MetalRenderer/Other Files/MetalRenderer-Bridging-Header.h";
				SWIFT_OPTIMIZATION_LEVEL = "-Onone";
				SWIFT_PRECOMPILE_BRIDGING_HEADER = YES;
				SWIFT_VERSION = 5.0;
			};
			name = Debug;
		};
		8A56D724278E058400D3FE2B /* Release */ = {
			isa = XCBuildConfiguration;
			buildSettings = {
				ASSETCATALOG_COMPILER_APPICON_NAME = AppIcon;
				ASSETCATALOG_COMPILER_GLOBAL_ACCENT_COLOR_NAME = AccentColor;
				CLANG_ENABLE_MODULES = YES;
				CODE_SIGN_ENTITLEMENTS = "MetalRenderer/Other Files/MetalRenderer.entitlements";
				CODE_SIGN_STYLE = Automatic;
				COMBINE_HIDPI_IMAGES = YES;
				DEVELOPMENT_TEAM = Q9T2S8AD86;
				ENABLE_HARDENED_RUNTIME = YES;
				INFOPLIST_FILE = "$(SRCROOT)/MetalRenderer/Other Files/Info.plist";
				LD_RUNPATH_SEARCH_PATHS = (
					"$(inherited)",
					"@executable_path/../Frameworks",
				);
				PRODUCT_BUNDLE_IDENTIFIER = com.tanelxen.MetalRenderer;
				PRODUCT_NAME = "$(TARGET_NAME)";
				SWIFT_OBJC_BRIDGING_HEADER = "MetalRenderer/Other Files/MetalRenderer-Bridging-Header.h";
				SWIFT_PRECOMPILE_BRIDGING_HEADER = YES;
				SWIFT_VERSION = 5.0;
			};
			name = Release;
		};
/* End XCBuildConfiguration section */

/* Begin XCConfigurationList section */
		8A56D70A278E058200D3FE2B /* Build configuration list for PBXProject "MetalRenderer" */ = {
			isa = XCConfigurationList;
			buildConfigurations = (
				8A56D720278E058400D3FE2B /* Debug */,
				8A56D721278E058400D3FE2B /* Release */,
			);
			defaultConfigurationIsVisible = 0;
			defaultConfigurationName = Release;
		};
		8A56D722278E058400D3FE2B /* Build configuration list for PBXNativeTarget "MetalRenderer" */ = {
			isa = XCConfigurationList;
			buildConfigurations = (
				8A56D723278E058400D3FE2B /* Debug */,
				8A56D724278E058400D3FE2B /* Release */,
			);
			defaultConfigurationIsVisible = 0;
			defaultConfigurationName = Release;
		};
/* End XCConfigurationList section */

/* Begin XCVersionGroup section */
		8A56D716278E058200D3FE2B /* MetalRenderer.xcdatamodeld */ = {
			isa = XCVersionGroup;
			children = (
				8A56D717278E058200D3FE2B /* MetalRenderer.xcdatamodel */,
			);
			currentVersion = 8A56D717278E058200D3FE2B /* MetalRenderer.xcdatamodel */;
			path = MetalRenderer.xcdatamodeld;
			sourceTree = "<group>";
			versionGroupType = wrapper.xcdatamodel;
		};
/* End XCVersionGroup section */
	};
	rootObject = 8A56D707278E058200D3FE2B /* Project object */;
}
