// !$*UTF8*$!
{
	archiveVersion = 1;
	classes = {
	};
	objectVersion = 52;
	objects = {

/* Begin PBXBuildFile section */
		8A02B3022BB8CB4B00F3E4FB /* SwiftBullet in Frameworks */ = {isa = PBXBuildFile; productRef = 8A02B3012BB8CB4B00F3E4FB /* SwiftBullet */; };
		8A27DAF22AAE3E5A0094C9D0 /* ImGuiFontLibrary.swift in Sources */ = {isa = PBXBuildFile; fileRef = 8A7EA7AD2AAA5E660024B4BF /* ImGuiFontLibrary.swift */; };
		8A27DAF32AAE3E5A0094C9D0 /* SandboxApplication.swift in Sources */ = {isa = PBXBuildFile; fileRef = 8ACD9A492AA49DD500900F4B /* SandboxApplication.swift */; };
		8A27DAF42AAE3E5A0094C9D0 /* KeyCodes.swift in Sources */ = {isa = PBXBuildFile; fileRef = 8A0D271927901E2400F2D9E6 /* KeyCodes.swift */; };
		8A27DAF52AAE3E5A0094C9D0 /* Engine.swift in Sources */ = {isa = PBXBuildFile; fileRef = 8A22EAB2278F735D00A8CD7D /* Engine.swift */; };
		8A27DAF72AAE3E5A0094C9D0 /* EditorLayer.swift in Sources */ = {isa = PBXBuildFile; fileRef = 8ACDB01C2A922C38005AEE19 /* EditorLayer.swift */; };
		8A27DAF92AAE3E5A0094C9D0 /* Common.metal in Sources */ = {isa = PBXBuildFile; fileRef = 8A0D272127907F0200F2D9E6 /* Common.metal */; };
		8A27DAFC2AAE3E5A0094C9D0 /* Debug.swift in Sources */ = {isa = PBXBuildFile; fileRef = 8A247EB52A8B73AD009DC4EF /* Debug.swift */; };
		8A27DAFE2AAE3E5A0094C9D0 /* Basic.metal in Sources */ = {isa = PBXBuildFile; fileRef = 8A9C235927A4DB4100965D21 /* Basic.metal */; };
		8A27DB002AAE3E5A0094C9D0 /* main.swift in Sources */ = {isa = PBXBuildFile; fileRef = 8A27DA9A2AAE3C3C0094C9D0 /* main.swift */; };
		8A27DB022AAE3E5A0094C9D0 /* Player.swift in Sources */ = {isa = PBXBuildFile; fileRef = 8AEB11C427C146AF008FC445 /* Player.swift */; };
		8A27DB092AAE3E5A0094C9D0 /* imgui_impl_metal.swift in Sources */ = {isa = PBXBuildFile; fileRef = 8ACDB0112A8FADF2005AEE19 /* imgui_impl_metal.swift */; };
		8A27DB0C2AAE3E5A0094C9D0 /* HierarchyPanel.swift in Sources */ = {isa = PBXBuildFile; fileRef = 8A3C60192AAB94E000BE835E /* HierarchyPanel.swift */; };
		8A27DB0D2AAE3E5A0094C9D0 /* ResourceManager.swift in Sources */ = {isa = PBXBuildFile; fileRef = 8A8D0E9329CB6CD500721A7D /* ResourceManager.swift */; };
		8A27DB0F2AAE3E5A0094C9D0 /* FAIconEnum.swift in Sources */ = {isa = PBXBuildFile; fileRef = 8A7EA7AB2AAA5A720024B4BF /* FAIconEnum.swift */; };
		8A27DB102AAE3E5A0094C9D0 /* Camera.swift in Sources */ = {isa = PBXBuildFile; fileRef = 8A0D271B279033A100F2D9E6 /* Camera.swift */; };
		8A27DB122AAE3E5A0094C9D0 /* Transform.swift in Sources */ = {isa = PBXBuildFile; fileRef = 8AA6C3EA2792EBB300DCB7B7 /* Transform.swift */; };
		8A27DB132AAE3E5A0094C9D0 /* imgui_impl_osx.swift in Sources */ = {isa = PBXBuildFile; fileRef = 8ACDB0122A8FADF2005AEE19 /* imgui_impl_osx.swift */; };
		8A27DB152AAE3E5A0094C9D0 /* ViewportPanel.swift in Sources */ = {isa = PBXBuildFile; fileRef = 8A3C60172AAB916500BE835E /* ViewportPanel.swift */; };
		8A27DB172AAE3E5A0094C9D0 /* GameTime.swift in Sources */ = {isa = PBXBuildFile; fileRef = 8A0D272627908D5A00F2D9E6 /* GameTime.swift */; };
		8A27DB182AAE3E5A0094C9D0 /* Viewport.swift in Sources */ = {isa = PBXBuildFile; fileRef = 8ACD9A472AA481F800900F4B /* Viewport.swift */; };
		8A27DB192AAE3E5A0094C9D0 /* Renderer.swift in Sources */ = {isa = PBXBuildFile; fileRef = 8A5EDFDD27B998A2007166E4 /* Renderer.swift */; };
		8A27DB1C2AAE3E5A0094C9D0 /* PipelineStates.swift in Sources */ = {isa = PBXBuildFile; fileRef = 8AE8D0BE29D0D9F100292135 /* PipelineStates.swift */; };
		8A27DB1D2AAE3E5A0094C9D0 /* TextureManager.swift in Sources */ = {isa = PBXBuildFile; fileRef = 8A84536927ADA45100E25638 /* TextureManager.swift */; };
		8A27DB1E2AAE3E5A0094C9D0 /* BasicShapes.swift in Sources */ = {isa = PBXBuildFile; fileRef = 8A4F44F62A8A9D4E0044977A /* BasicShapes.swift */; };
		8A27DB1F2AAE3E5A0094C9D0 /* ImGuiTheme.swift in Sources */ = {isa = PBXBuildFile; fileRef = 8ACDB01E2A927D53005AEE19 /* ImGuiTheme.swift */; };
		8A27DB202AAE3E5A0094C9D0 /* Input.swift in Sources */ = {isa = PBXBuildFile; fileRef = 8A0D271727901DF100F2D9E6 /* Input.swift */; };
		8A27DB222AAE3E5A0094C9D0 /* Math.swift in Sources */ = {isa = PBXBuildFile; fileRef = 8A22EAC9278FA89A00A8CD7D /* Math.swift */; };
		8A27DB232AAE3E5A0094C9D0 /* Rotator.swift in Sources */ = {isa = PBXBuildFile; fileRef = 8A9977CF29492CC400B48C70 /* Rotator.swift */; };
		8A27DB242AAE3E5A0094C9D0 /* ImGui+Extra.swift in Sources */ = {isa = PBXBuildFile; fileRef = 8ACDB01A2A92288A005AEE19 /* ImGui+Extra.swift */; };
		8A27DB2D2AAE3E5A0094C9D0 /* Assets.xcassets in Resources */ = {isa = PBXBuildFile; fileRef = 8A56D719278E058400D3FE2B /* Assets.xcassets */; };
		8A27DB2F2AAE3E5A0094C9D0 /* Assets in Resources */ = {isa = PBXBuildFile; fileRef = 8A8D130D29CB6D4800721A7D /* Assets */; };
		8A57092E2C00C0E900FE3EA0 /* Editor.metal in Sources */ = {isa = PBXBuildFile; fileRef = 8A57092D2C00C0E900FE3EA0 /* Editor.metal */; };
		8A57093D2C09313400FE3EA0 /* BlockTool3D.swift in Sources */ = {isa = PBXBuildFile; fileRef = 8A57093C2C09313400FE3EA0 /* BlockTool3D.swift */; };
		8A57093F2C095EA000FE3EA0 /* BlockTool2D.swift in Sources */ = {isa = PBXBuildFile; fileRef = 8A57093E2C095EA000FE3EA0 /* BlockTool2D.swift */; };
		8A5969062ABB2F1D00772AC9 /* Intersection.swift in Sources */ = {isa = PBXBuildFile; fileRef = 8A5969052ABB2F1D00772AC9 /* Intersection.swift */; };
		8A5D1BEA2BD81705007CB0FA /* SimpleGrid.metal in Sources */ = {isa = PBXBuildFile; fileRef = 8A5D1BE92BD81705007CB0FA /* SimpleGrid.metal */; };
		8A5D1BF02BD8A6E9007CB0FA /* Brush.metal in Sources */ = {isa = PBXBuildFile; fileRef = 8A5D1BEF2BD8A6E9007CB0FA /* Brush.metal */; };
		8A5D1BF62BD997D3007CB0FA /* InspectorPanel.swift in Sources */ = {isa = PBXBuildFile; fileRef = 8A5D1BF52BD997D3007CB0FA /* InspectorPanel.swift */; };
		8A6739292C12B6F100D8C7D8 /* DrawControls.swift in Sources */ = {isa = PBXBuildFile; fileRef = 8A6739282C12B6F100D8C7D8 /* DrawControls.swift */; };
		8A7C39772C0D0CC500E47925 /* Entity.swift in Sources */ = {isa = PBXBuildFile; fileRef = 8A7C39762C0D0CC500E47925 /* Entity.swift */; };
		8A7C70B62AAFA7D3003FAFDD /* ImGui in Frameworks */ = {isa = PBXBuildFile; productRef = 8A7C70B52AAFA7D3003FAFDD /* ImGui */; };
		8A7C70B82AAFA7D7003FAFDD /* ImGuizmo in Frameworks */ = {isa = PBXBuildFile; productRef = 8A7C70B72AAFA7D7003FAFDD /* ImGuizmo */; };
		8A84556C2BD4527D00AA70E1 /* Brush.swift in Sources */ = {isa = PBXBuildFile; fileRef = 8A84556B2BD4527D00AA70E1 /* Brush.swift */; };
		8A84556F2BD5F4C400AA70E1 /* World.swift in Sources */ = {isa = PBXBuildFile; fileRef = 8A84556E2BD5F4C400AA70E1 /* World.swift */; };
		8A8DE1AE2BFD57160019FA47 /* OrthoViewPanel.swift in Sources */ = {isa = PBXBuildFile; fileRef = 8A8DE1AD2BFD57160019FA47 /* OrthoViewPanel.swift */; };
		8A9922212C15DC24005A3568 /* BoundsTool.swift in Sources */ = {isa = PBXBuildFile; fileRef = 8A9922202C15DC24005A3568 /* BoundsTool.swift */; };
		8A9922232C163063005A3568 /* Brush+Codable.swift in Sources */ = {isa = PBXBuildFile; fileRef = 8A9922222C163063005A3568 /* Brush+Codable.swift */; };
		8AC4BE802BE1743F00EFA078 /* MTKGeometry.swift in Sources */ = {isa = PBXBuildFile; fileRef = 8AC4BE7F2BE1743F00EFA078 /* MTKGeometry.swift */; };
		8AE8B4782BEED21100805D75 /* BrushFace.swift in Sources */ = {isa = PBXBuildFile; fileRef = 8AE8B4772BEED21100805D75 /* BrushFace.swift */; };
/* End PBXBuildFile section */

/* Begin PBXFileReference section */
		8A0D271727901DF100F2D9E6 /* Input.swift */ = {isa = PBXFileReference; lastKnownFileType = sourcecode.swift; path = Input.swift; sourceTree = "<group>"; };
		8A0D271927901E2400F2D9E6 /* KeyCodes.swift */ = {isa = PBXFileReference; lastKnownFileType = sourcecode.swift; path = KeyCodes.swift; sourceTree = "<group>"; };
		8A0D271B279033A100F2D9E6 /* Camera.swift */ = {isa = PBXFileReference; lastKnownFileType = sourcecode.swift; path = Camera.swift; sourceTree = "<group>"; };
		8A0D272127907F0200F2D9E6 /* Common.metal */ = {isa = PBXFileReference; lastKnownFileType = sourcecode.metal; path = Common.metal; sourceTree = "<group>"; };
		8A0D272627908D5A00F2D9E6 /* GameTime.swift */ = {isa = PBXFileReference; lastKnownFileType = sourcecode.swift; path = GameTime.swift; sourceTree = "<group>"; };
		8A22EAB2278F735D00A8CD7D /* Engine.swift */ = {isa = PBXFileReference; lastKnownFileType = sourcecode.swift; path = Engine.swift; sourceTree = "<group>"; };
		8A22EAC9278FA89A00A8CD7D /* Math.swift */ = {isa = PBXFileReference; lastKnownFileType = sourcecode.swift; path = Math.swift; sourceTree = "<group>"; };
		8A23888B29C0BCF700373C91 /* README.md */ = {isa = PBXFileReference; lastKnownFileType = net.daringfireball.markdown; path = README.md; sourceTree = "<group>"; };
		8A247EB52A8B73AD009DC4EF /* Debug.swift */ = {isa = PBXFileReference; lastKnownFileType = sourcecode.swift; path = Debug.swift; sourceTree = "<group>"; };
		8A27DA972AAE39DF0094C9D0 /* Game-Info.plist */ = {isa = PBXFileReference; lastKnownFileType = text.plist.xml; path = "Game-Info.plist"; sourceTree = "<group>"; };
		8A27DA9A2AAE3C3C0094C9D0 /* main.swift */ = {isa = PBXFileReference; lastKnownFileType = sourcecode.swift; path = main.swift; sourceTree = "<group>"; };
		8A27DB372AAE3E5A0094C9D0 /* Sandbox.app */ = {isa = PBXFileReference; explicitFileType = wrapper.application; includeInIndex = 0; path = Sandbox.app; sourceTree = BUILT_PRODUCTS_DIR; };
		8A3C60172AAB916500BE835E /* ViewportPanel.swift */ = {isa = PBXFileReference; lastKnownFileType = sourcecode.swift; path = ViewportPanel.swift; sourceTree = "<group>"; };
		8A3C60192AAB94E000BE835E /* HierarchyPanel.swift */ = {isa = PBXFileReference; lastKnownFileType = sourcecode.swift; path = HierarchyPanel.swift; sourceTree = "<group>"; };
		8A4F44F62A8A9D4E0044977A /* BasicShapes.swift */ = {isa = PBXFileReference; lastKnownFileType = sourcecode.swift; path = BasicShapes.swift; sourceTree = "<group>"; };
		8A56D719278E058400D3FE2B /* Assets.xcassets */ = {isa = PBXFileReference; lastKnownFileType = folder.assetcatalog; path = Assets.xcassets; sourceTree = "<group>"; };
		8A56D71E278E058400D3FE2B /* Info.plist */ = {isa = PBXFileReference; lastKnownFileType = text.plist.xml; path = Info.plist; sourceTree = "<group>"; };
		8A56D71F278E058400D3FE2B /* MetalRenderer.entitlements */ = {isa = PBXFileReference; lastKnownFileType = text.plist.entitlements; path = MetalRenderer.entitlements; sourceTree = "<group>"; };
		8A57092D2C00C0E900FE3EA0 /* Editor.metal */ = {isa = PBXFileReference; lastKnownFileType = sourcecode.metal; path = Editor.metal; sourceTree = "<group>"; };
		8A57093C2C09313400FE3EA0 /* BlockTool3D.swift */ = {isa = PBXFileReference; lastKnownFileType = sourcecode.swift; path = BlockTool3D.swift; sourceTree = "<group>"; };
		8A57093E2C095EA000FE3EA0 /* BlockTool2D.swift */ = {isa = PBXFileReference; lastKnownFileType = sourcecode.swift; path = BlockTool2D.swift; sourceTree = "<group>"; };
		8A5969052ABB2F1D00772AC9 /* Intersection.swift */ = {isa = PBXFileReference; fileEncoding = 4; lastKnownFileType = sourcecode.swift; path = Intersection.swift; sourceTree = "<group>"; };
		8A5D1BE92BD81705007CB0FA /* SimpleGrid.metal */ = {isa = PBXFileReference; lastKnownFileType = sourcecode.metal; path = SimpleGrid.metal; sourceTree = "<group>"; };
		8A5D1BEF2BD8A6E9007CB0FA /* Brush.metal */ = {isa = PBXFileReference; lastKnownFileType = sourcecode.metal; path = Brush.metal; sourceTree = "<group>"; };
		8A5D1BF52BD997D3007CB0FA /* InspectorPanel.swift */ = {isa = PBXFileReference; lastKnownFileType = sourcecode.swift; path = InspectorPanel.swift; sourceTree = "<group>"; };
		8A5EDFDD27B998A2007166E4 /* Renderer.swift */ = {isa = PBXFileReference; lastKnownFileType = sourcecode.swift; path = Renderer.swift; sourceTree = "<group>"; };
		8A6739282C12B6F100D8C7D8 /* DrawControls.swift */ = {isa = PBXFileReference; fileEncoding = 4; lastKnownFileType = sourcecode.swift; path = DrawControls.swift; sourceTree = "<group>"; };
		8A7C39762C0D0CC500E47925 /* Entity.swift */ = {isa = PBXFileReference; lastKnownFileType = sourcecode.swift; path = Entity.swift; sourceTree = "<group>"; };
		8A7EA7AB2AAA5A720024B4BF /* FAIconEnum.swift */ = {isa = PBXFileReference; fileEncoding = 4; lastKnownFileType = sourcecode.swift; path = FAIconEnum.swift; sourceTree = "<group>"; };
		8A7EA7AD2AAA5E660024B4BF /* ImGuiFontLibrary.swift */ = {isa = PBXFileReference; fileEncoding = 4; lastKnownFileType = sourcecode.swift; path = ImGuiFontLibrary.swift; sourceTree = "<group>"; };
		8A84536927ADA45100E25638 /* TextureManager.swift */ = {isa = PBXFileReference; lastKnownFileType = sourcecode.swift; path = TextureManager.swift; sourceTree = "<group>"; };
		8A84556B2BD4527D00AA70E1 /* Brush.swift */ = {isa = PBXFileReference; lastKnownFileType = sourcecode.swift; path = Brush.swift; sourceTree = "<group>"; };
		8A84556E2BD5F4C400AA70E1 /* World.swift */ = {isa = PBXFileReference; lastKnownFileType = sourcecode.swift; path = World.swift; sourceTree = "<group>"; };
		8A8D0E9329CB6CD500721A7D /* ResourceManager.swift */ = {isa = PBXFileReference; fileEncoding = 4; lastKnownFileType = sourcecode.swift; path = ResourceManager.swift; sourceTree = "<group>"; };
		8A8D130D29CB6D4800721A7D /* Assets */ = {isa = PBXFileReference; lastKnownFileType = folder; path = Assets; sourceTree = "<group>"; };
		8A8DE1AD2BFD57160019FA47 /* OrthoViewPanel.swift */ = {isa = PBXFileReference; lastKnownFileType = sourcecode.swift; path = OrthoViewPanel.swift; sourceTree = "<group>"; };
		8A9922202C15DC24005A3568 /* BoundsTool.swift */ = {isa = PBXFileReference; lastKnownFileType = sourcecode.swift; path = BoundsTool.swift; sourceTree = "<group>"; };
		8A9922222C163063005A3568 /* Brush+Codable.swift */ = {isa = PBXFileReference; lastKnownFileType = sourcecode.swift; path = "Brush+Codable.swift"; sourceTree = "<group>"; };
		8A9977CF29492CC400B48C70 /* Rotator.swift */ = {isa = PBXFileReference; lastKnownFileType = sourcecode.swift; path = Rotator.swift; sourceTree = "<group>"; };
		8A9C235927A4DB4100965D21 /* Basic.metal */ = {isa = PBXFileReference; lastKnownFileType = sourcecode.metal; path = Basic.metal; sourceTree = "<group>"; };
		8AA3B2DA2AAE3FC900D4FB47 /* Sandbox-Info.plist */ = {isa = PBXFileReference; lastKnownFileType = text.plist.xml; path = "Sandbox-Info.plist"; sourceTree = "<group>"; };
		8AA6C3EA2792EBB300DCB7B7 /* Transform.swift */ = {isa = PBXFileReference; lastKnownFileType = sourcecode.swift; path = Transform.swift; sourceTree = "<group>"; };
		8AC4BE7F2BE1743F00EFA078 /* MTKGeometry.swift */ = {isa = PBXFileReference; lastKnownFileType = sourcecode.swift; path = MTKGeometry.swift; sourceTree = "<group>"; };
		8ACAECEF2BDD334E00B67C19 /* Uniforms.h */ = {isa = PBXFileReference; lastKnownFileType = sourcecode.c.h; path = Uniforms.h; sourceTree = "<group>"; };
		8ACAECF82BDD369F00B67C19 /* Sandbox-Bridging-Header.h */ = {isa = PBXFileReference; fileEncoding = 4; lastKnownFileType = sourcecode.c.h; path = "Sandbox-Bridging-Header.h"; sourceTree = "<group>"; };
		8ACD9A472AA481F800900F4B /* Viewport.swift */ = {isa = PBXFileReference; lastKnownFileType = sourcecode.swift; path = Viewport.swift; sourceTree = "<group>"; };
		8ACD9A492AA49DD500900F4B /* SandboxApplication.swift */ = {isa = PBXFileReference; lastKnownFileType = sourcecode.swift; path = SandboxApplication.swift; sourceTree = "<group>"; };
		8ACDB0112A8FADF2005AEE19 /* imgui_impl_metal.swift */ = {isa = PBXFileReference; fileEncoding = 4; lastKnownFileType = sourcecode.swift; path = imgui_impl_metal.swift; sourceTree = "<group>"; };
		8ACDB0122A8FADF2005AEE19 /* imgui_impl_osx.swift */ = {isa = PBXFileReference; fileEncoding = 4; lastKnownFileType = sourcecode.swift; path = imgui_impl_osx.swift; sourceTree = "<group>"; };
		8ACDB01A2A92288A005AEE19 /* ImGui+Extra.swift */ = {isa = PBXFileReference; fileEncoding = 4; lastKnownFileType = sourcecode.swift; path = "ImGui+Extra.swift"; sourceTree = "<group>"; };
		8ACDB01C2A922C38005AEE19 /* EditorLayer.swift */ = {isa = PBXFileReference; lastKnownFileType = sourcecode.swift; path = EditorLayer.swift; sourceTree = "<group>"; };
		8ACDB01E2A927D53005AEE19 /* ImGuiTheme.swift */ = {isa = PBXFileReference; fileEncoding = 4; lastKnownFileType = sourcecode.swift; path = ImGuiTheme.swift; sourceTree = "<group>"; };
		8AE8B4772BEED21100805D75 /* BrushFace.swift */ = {isa = PBXFileReference; lastKnownFileType = sourcecode.swift; path = BrushFace.swift; sourceTree = "<group>"; };
		8AE8D0BE29D0D9F100292135 /* PipelineStates.swift */ = {isa = PBXFileReference; lastKnownFileType = sourcecode.swift; path = PipelineStates.swift; sourceTree = "<group>"; };
		8AEB11C427C146AF008FC445 /* Player.swift */ = {isa = PBXFileReference; lastKnownFileType = sourcecode.swift; path = Player.swift; sourceTree = "<group>"; };
/* End PBXFileReference section */

/* Begin PBXFrameworksBuildPhase section */
		8A27DB252AAE3E5A0094C9D0 /* Frameworks */ = {
			isa = PBXFrameworksBuildPhase;
			buildActionMask = 2147483647;
			files = (
				8A7C70B62AAFA7D3003FAFDD /* ImGui in Frameworks */,
				8A7C70B82AAFA7D7003FAFDD /* ImGuizmo in Frameworks */,
				8A02B3022BB8CB4B00F3E4FB /* SwiftBullet in Frameworks */,
			);
			runOnlyForDeploymentPostprocessing = 0;
		};
/* End PBXFrameworksBuildPhase section */

/* Begin PBXGroup section */
		8A00D1002C1B7ED3001F9A1A /* Render */ = {
			isa = PBXGroup;
			children = (
				8A22EAC7278FA37D00A8CD7D /* Shaders */,
				8A0D271B279033A100F2D9E6 /* Camera.swift */,
				8ACD9A472AA481F800900F4B /* Viewport.swift */,
				8A5EDFDD27B998A2007166E4 /* Renderer.swift */,
				8AE8D0BE29D0D9F100292135 /* PipelineStates.swift */,
			);
			path = Render;
			sourceTree = "<group>";
		};
		8A0D27252790810600F2D9E6 /* Input */ = {
			isa = PBXGroup;
			children = (
				8A0D271727901DF100F2D9E6 /* Input.swift */,
				8A0D271927901E2400F2D9E6 /* KeyCodes.swift */,
			);
			path = Input;
			sourceTree = "<group>";
		};
		8A22EAB5278F779E00A8CD7D /* Core */ = {
			isa = PBXGroup;
			children = (
				8A0D27252790810600F2D9E6 /* Input */,
				8AC4BE7F2BE1743F00EFA078 /* MTKGeometry.swift */,
				8A22EAB2278F735D00A8CD7D /* Engine.swift */,
				8AA6C3EA2792EBB300DCB7B7 /* Transform.swift */,
				8A0D272627908D5A00F2D9E6 /* GameTime.swift */,
				8A8D0E9329CB6CD500721A7D /* ResourceManager.swift */,
				8A84536927ADA45100E25638 /* TextureManager.swift */,
				8A4F44F62A8A9D4E0044977A /* BasicShapes.swift */,
			);
			path = Core;
			sourceTree = "<group>";
		};
		8A22EAC7278FA37D00A8CD7D /* Shaders */ = {
			isa = PBXGroup;
			children = (
				8ACAECEF2BDD334E00B67C19 /* Uniforms.h */,
				8A0D272127907F0200F2D9E6 /* Common.metal */,
				8A9C235927A4DB4100965D21 /* Basic.metal */,
				8A5D1BE92BD81705007CB0FA /* SimpleGrid.metal */,
				8A5D1BEF2BD8A6E9007CB0FA /* Brush.metal */,
				8A57092D2C00C0E900FE3EA0 /* Editor.metal */,
			);
			path = Shaders;
			sourceTree = "<group>";
		};
		8A22EAC8278FA87A00A8CD7D /* Math */ = {
			isa = PBXGroup;
			children = (
				8A22EAC9278FA89A00A8CD7D /* Math.swift */,
				8A9977CF29492CC400B48C70 /* Rotator.swift */,
				8A5969052ABB2F1D00772AC9 /* Intersection.swift */,
			);
			path = Math;
			sourceTree = "<group>";
		};
		8A27DA982AAE3A640094C9D0 /* Common */ = {
			isa = PBXGroup;
			children = (
				8A22EAC8278FA87A00A8CD7D /* Math */,
				8A00D1002C1B7ED3001F9A1A /* Render */,
				8A6232162795DF4F00B1757C /* Scene */,
				8A22EAB5278F779E00A8CD7D /* Core */,
			);
			path = Common;
			sourceTree = "<group>";
		};
		8A27DA992AAE3C0F0094C9D0 /* Sandbox */ = {
			isa = PBXGroup;
			children = (
				8A5709392C061F3000FE3EA0 /* Tools */,
				8ACDB0102A8FADC0005AEE19 /* ImGUI */,
				8A7C70B92AB0875E003FAFDD /* Panels */,
				8ACD9A492AA49DD500900F4B /* SandboxApplication.swift */,
				8ACDB01C2A922C38005AEE19 /* EditorLayer.swift */,
				8A27DA9A2AAE3C3C0094C9D0 /* main.swift */,
				8ACAECF82BDD369F00B67C19 /* Sandbox-Bridging-Header.h */,
			);
			path = Sandbox;
			sourceTree = "<group>";
		};
		8A56D706278E058200D3FE2B = {
			isa = PBXGroup;
			children = (
				8A23888B29C0BCF700373C91 /* README.md */,
				8A56D711278E058200D3FE2B /* MetalRenderer */,
				8A56D710278E058200D3FE2B /* Products */,
				8AE5331E27BEEA8B00A80C1E /* Frameworks */,
				8A27DA972AAE39DF0094C9D0 /* Game-Info.plist */,
				8AA3B2DA2AAE3FC900D4FB47 /* Sandbox-Info.plist */,
			);
			sourceTree = "<group>";
		};
		8A56D710278E058200D3FE2B /* Products */ = {
			isa = PBXGroup;
			children = (
				8A27DB372AAE3E5A0094C9D0 /* Sandbox.app */,
			);
			name = Products;
			sourceTree = "<group>";
		};
		8A56D711278E058200D3FE2B /* MetalRenderer */ = {
			isa = PBXGroup;
			children = (
				8A27DA982AAE3A640094C9D0 /* Common */,
				8A27DA992AAE3C0F0094C9D0 /* Sandbox */,
				8A8D130D29CB6D4800721A7D /* Assets */,
				8A56D725278E065900D3FE2B /* Other Files */,
			);
			path = MetalRenderer;
			sourceTree = "<group>";
		};
		8A56D725278E065900D3FE2B /* Other Files */ = {
			isa = PBXGroup;
			children = (
				8A56D719278E058400D3FE2B /* Assets.xcassets */,
				8A56D71E278E058400D3FE2B /* Info.plist */,
				8A56D71F278E058400D3FE2B /* MetalRenderer.entitlements */,
			);
			path = "Other Files";
			sourceTree = "<group>";
		};
		8A5709392C061F3000FE3EA0 /* Tools */ = {
			isa = PBXGroup;
			children = (
				8A9922202C15DC24005A3568 /* BoundsTool.swift */,
				8A57093C2C09313400FE3EA0 /* BlockTool3D.swift */,
				8A57093E2C095EA000FE3EA0 /* BlockTool2D.swift */,
			);
			path = Tools;
			sourceTree = "<group>";
		};
		8A6232162795DF4F00B1757C /* Scene */ = {
			isa = PBXGroup;
			children = (
				8A84556E2BD5F4C400AA70E1 /* World.swift */,
				8AEB11C427C146AF008FC445 /* Player.swift */,
				8A247EB52A8B73AD009DC4EF /* Debug.swift */,
				8A7C39762C0D0CC500E47925 /* Entity.swift */,
				8A84556B2BD4527D00AA70E1 /* Brush.swift */,
				8AE8B4772BEED21100805D75 /* BrushFace.swift */,
				8A9922222C163063005A3568 /* Brush+Codable.swift */,
			);
			path = Scene;
			sourceTree = "<group>";
		};
		8A7C70B92AB0875E003FAFDD /* Panels */ = {
			isa = PBXGroup;
			children = (
				8A3C60172AAB916500BE835E /* ViewportPanel.swift */,
				8A8DE1AD2BFD57160019FA47 /* OrthoViewPanel.swift */,
				8A3C60192AAB94E000BE835E /* HierarchyPanel.swift */,
				8A5D1BF52BD997D3007CB0FA /* InspectorPanel.swift */,
				8A6739282C12B6F100D8C7D8 /* DrawControls.swift */,
			);
			path = Panels;
			sourceTree = "<group>";
		};
		8ACDB0102A8FADC0005AEE19 /* ImGUI */ = {
			isa = PBXGroup;
			children = (
				8ACDB0112A8FADF2005AEE19 /* imgui_impl_metal.swift */,
				8ACDB0122A8FADF2005AEE19 /* imgui_impl_osx.swift */,
				8ACDB01A2A92288A005AEE19 /* ImGui+Extra.swift */,
				8ACDB01E2A927D53005AEE19 /* ImGuiTheme.swift */,
				8A7EA7AB2AAA5A720024B4BF /* FAIconEnum.swift */,
				8A7EA7AD2AAA5E660024B4BF /* ImGuiFontLibrary.swift */,
			);
			path = ImGUI;
			sourceTree = "<group>";
		};
		8AE5331E27BEEA8B00A80C1E /* Frameworks */ = {
			isa = PBXGroup;
			children = (
			);
			name = Frameworks;
			sourceTree = "<group>";
		};
/* End PBXGroup section */

/* Begin PBXNativeTarget section */
		8A27DAEB2AAE3E5A0094C9D0 /* Sandbox */ = {
			isa = PBXNativeTarget;
			buildConfigurationList = 8A27DB342AAE3E5A0094C9D0 /* Build configuration list for PBXNativeTarget "Sandbox" */;
			buildPhases = (
				8A27DAF12AAE3E5A0094C9D0 /* Sources */,
				8A27DB252AAE3E5A0094C9D0 /* Frameworks */,
				8A27DB2A2AAE3E5A0094C9D0 /* Resources */,
			);
			buildRules = (
			);
			dependencies = (
			);
			name = Sandbox;
			packageProductDependencies = (
				8A7C70B52AAFA7D3003FAFDD /* ImGui */,
				8A7C70B72AAFA7D7003FAFDD /* ImGuizmo */,
				8A02B3012BB8CB4B00F3E4FB /* SwiftBullet */,
			);
			productName = MetalRenderer;
			productReference = 8A27DB372AAE3E5A0094C9D0 /* Sandbox.app */;
			productType = "com.apple.product-type.application";
		};
/* End PBXNativeTarget section */

/* Begin PBXProject section */
		8A56D707278E058200D3FE2B /* Project object */ = {
			isa = PBXProject;
			attributes = {
				LastSwiftUpdateCheck = 1250;
				LastUpgradeCheck = 1420;
				TargetAttributes = {
					8A27DAEB2AAE3E5A0094C9D0 = {
						LastSwiftMigration = 1420;
					};
				};
			};
			buildConfigurationList = 8A56D70A278E058200D3FE2B /* Build configuration list for PBXProject "MetalRenderer" */;
			compatibilityVersion = "Xcode 9.3";
			developmentRegion = en;
			hasScannedForEncodings = 0;
			knownRegions = (
				en,
				Base,
			);
			mainGroup = 8A56D706278E058200D3FE2B;
			packageReferences = (
			);
			productRefGroup = 8A56D710278E058200D3FE2B /* Products */;
			projectDirPath = "";
			projectRoot = "";
			targets = (
				8A27DAEB2AAE3E5A0094C9D0 /* Sandbox */,
			);
		};
/* End PBXProject section */

/* Begin PBXResourcesBuildPhase section */
		8A27DB2A2AAE3E5A0094C9D0 /* Resources */ = {
			isa = PBXResourcesBuildPhase;
			buildActionMask = 2147483647;
			files = (
				8A27DB2D2AAE3E5A0094C9D0 /* Assets.xcassets in Resources */,
				8A27DB2F2AAE3E5A0094C9D0 /* Assets in Resources */,
			);
			runOnlyForDeploymentPostprocessing = 0;
		};
/* End PBXResourcesBuildPhase section */

/* Begin PBXSourcesBuildPhase section */
		8A27DAF12AAE3E5A0094C9D0 /* Sources */ = {
			isa = PBXSourcesBuildPhase;
			buildActionMask = 2147483647;
			files = (
				8A27DAF22AAE3E5A0094C9D0 /* ImGuiFontLibrary.swift in Sources */,
				8A27DAF32AAE3E5A0094C9D0 /* SandboxApplication.swift in Sources */,
				8A5D1BEA2BD81705007CB0FA /* SimpleGrid.metal in Sources */,
				8A27DAF42AAE3E5A0094C9D0 /* KeyCodes.swift in Sources */,
				8AE8B4782BEED21100805D75 /* BrushFace.swift in Sources */,
				8A84556C2BD4527D00AA70E1 /* Brush.swift in Sources */,
				8A27DAF52AAE3E5A0094C9D0 /* Engine.swift in Sources */,
				8A27DAF72AAE3E5A0094C9D0 /* EditorLayer.swift in Sources */,
				8A27DAF92AAE3E5A0094C9D0 /* Common.metal in Sources */,
				8A7C39772C0D0CC500E47925 /* Entity.swift in Sources */,
				8A27DAFC2AAE3E5A0094C9D0 /* Debug.swift in Sources */,
				8A27DAFE2AAE3E5A0094C9D0 /* Basic.metal in Sources */,
				8A27DB002AAE3E5A0094C9D0 /* main.swift in Sources */,
				8A27DB022AAE3E5A0094C9D0 /* Player.swift in Sources */,
				8A5969062ABB2F1D00772AC9 /* Intersection.swift in Sources */,
				8A84556F2BD5F4C400AA70E1 /* World.swift in Sources */,
				8A5D1BF02BD8A6E9007CB0FA /* Brush.metal in Sources */,
				8A9922232C163063005A3568 /* Brush+Codable.swift in Sources */,
				8A27DB092AAE3E5A0094C9D0 /* imgui_impl_metal.swift in Sources */,
				8A27DB0C2AAE3E5A0094C9D0 /* HierarchyPanel.swift in Sources */,
				8A27DB0D2AAE3E5A0094C9D0 /* ResourceManager.swift in Sources */,
				8A27DB0F2AAE3E5A0094C9D0 /* FAIconEnum.swift in Sources */,
				8A27DB102AAE3E5A0094C9D0 /* Camera.swift in Sources */,
				8A5D1BF62BD997D3007CB0FA /* InspectorPanel.swift in Sources */,
				8AC4BE802BE1743F00EFA078 /* MTKGeometry.swift in Sources */,
				8A27DB122AAE3E5A0094C9D0 /* Transform.swift in Sources */,
				8A27DB132AAE3E5A0094C9D0 /* imgui_impl_osx.swift in Sources */,
				8A27DB152AAE3E5A0094C9D0 /* ViewportPanel.swift in Sources */,
				8A27DB172AAE3E5A0094C9D0 /* GameTime.swift in Sources */,
				8A27DB182AAE3E5A0094C9D0 /* Viewport.swift in Sources */,
				8A27DB192AAE3E5A0094C9D0 /* Renderer.swift in Sources */,
				8A57092E2C00C0E900FE3EA0 /* Editor.metal in Sources */,
				8A6739292C12B6F100D8C7D8 /* DrawControls.swift in Sources */,
				8A27DB1C2AAE3E5A0094C9D0 /* PipelineStates.swift in Sources */,
				8A57093F2C095EA000FE3EA0 /* BlockTool2D.swift in Sources */,
				8A27DB1D2AAE3E5A0094C9D0 /* TextureManager.swift in Sources */,
				8A9922212C15DC24005A3568 /* BoundsTool.swift in Sources */,
				8A8DE1AE2BFD57160019FA47 /* OrthoViewPanel.swift in Sources */,
				8A27DB1E2AAE3E5A0094C9D0 /* BasicShapes.swift in Sources */,
				8A27DB1F2AAE3E5A0094C9D0 /* ImGuiTheme.swift in Sources */,
				8A27DB202AAE3E5A0094C9D0 /* Input.swift in Sources */,
				8A27DB222AAE3E5A0094C9D0 /* Math.swift in Sources */,
				8A27DB232AAE3E5A0094C9D0 /* Rotator.swift in Sources */,
				8A27DB242AAE3E5A0094C9D0 /* ImGui+Extra.swift in Sources */,
				8A57093D2C09313400FE3EA0 /* BlockTool3D.swift in Sources */,
			);
			runOnlyForDeploymentPostprocessing = 0;
		};
/* End PBXSourcesBuildPhase section */

/* Begin XCBuildConfiguration section */
		8A27DB352AAE3E5A0094C9D0 /* Debug */ = {
			isa = XCBuildConfiguration;
			buildSettings = {
				ASSETCATALOG_COMPILER_APPICON_NAME = AppIcon;
				ASSETCATALOG_COMPILER_GLOBAL_ACCENT_COLOR_NAME = AccentColor;
				CLANG_ENABLE_MODULES = YES;
				CODE_SIGN_ENTITLEMENTS = "MetalRenderer/Other Files/MetalRenderer.entitlements";
				CODE_SIGN_IDENTITY = "Apple Development";
				"CODE_SIGN_IDENTITY[sdk=macosx*]" = "-";
				CODE_SIGN_STYLE = Automatic;
				COMBINE_HIDPI_IMAGES = YES;
				DEAD_CODE_STRIPPING = YES;
				DEVELOPMENT_TEAM = Q9T2S8AD86;
				ENABLE_HARDENED_RUNTIME = YES;
				FRAMEWORK_SEARCH_PATHS = (
					"$(inherited)",
					"$(PROJECT_DIR)",
				);
				INFOPLIST_FILE = "Sandbox-Info.plist";
				LD_RUNPATH_SEARCH_PATHS = (
					"$(inherited)",
					"@executable_path/../Frameworks",
				);
				MACOSX_DEPLOYMENT_TARGET = 12.4;
				OTHER_SWIFT_FLAGS = "";
				PRODUCT_BUNDLE_IDENTIFIER = com.tanelxen.MetalRenderer;
				PRODUCT_NAME = "$(TARGET_NAME)";
				SWIFT_INSTALL_OBJC_HEADER = NO;
				SWIFT_OBJC_BRIDGING_HEADER = "MetalRenderer/Sandbox/Sandbox-Bridging-Header.h";
				SWIFT_OPTIMIZATION_LEVEL = "-Onone";
				SWIFT_PRECOMPILE_BRIDGING_HEADER = NO;
				SWIFT_VERSION = 5.0;
			};
			name = Debug;
		};
		8A27DB362AAE3E5A0094C9D0 /* Release */ = {
			isa = XCBuildConfiguration;
			buildSettings = {
				ASSETCATALOG_COMPILER_APPICON_NAME = AppIcon;
				ASSETCATALOG_COMPILER_GLOBAL_ACCENT_COLOR_NAME = AccentColor;
				CLANG_ENABLE_MODULES = YES;
				CODE_SIGN_ENTITLEMENTS = "MetalRenderer/Other Files/MetalRenderer.entitlements";
				CODE_SIGN_IDENTITY = "Apple Development";
				"CODE_SIGN_IDENTITY[sdk=macosx*]" = "-";
				CODE_SIGN_STYLE = Automatic;
				COMBINE_HIDPI_IMAGES = YES;
				DEAD_CODE_STRIPPING = YES;
				DEVELOPMENT_TEAM = Q9T2S8AD86;
				ENABLE_HARDENED_RUNTIME = YES;
				FRAMEWORK_SEARCH_PATHS = (
					"$(inherited)",
					"$(PROJECT_DIR)",
				);
				INFOPLIST_FILE = "Sandbox-Info.plist";
				LD_RUNPATH_SEARCH_PATHS = (
					"$(inherited)",
					"@executable_path/../Frameworks",
				);
				MACOSX_DEPLOYMENT_TARGET = 12.4;
				OTHER_SWIFT_FLAGS = "";
				PRODUCT_BUNDLE_IDENTIFIER = com.tanelxen.MetalRenderer;
				PRODUCT_NAME = "$(TARGET_NAME)";
				SWIFT_COMPILATION_MODE = singlefile;
				SWIFT_INSTALL_OBJC_HEADER = NO;
				SWIFT_OBJC_BRIDGING_HEADER = "MetalRenderer/Sandbox/Sandbox-Bridging-Header.h";
				SWIFT_OPTIMIZATION_LEVEL = "-Onone";
				SWIFT_PRECOMPILE_BRIDGING_HEADER = NO;
				SWIFT_VERSION = 5.0;
			};
			name = Release;
		};
		8A56D720278E058400D3FE2B /* Debug */ = {
			isa = XCBuildConfiguration;
			buildSettings = {
				ALWAYS_SEARCH_USER_PATHS = NO;
				CLANG_ANALYZER_NONNULL = YES;
				CLANG_ANALYZER_NUMBER_OBJECT_CONVERSION = YES_AGGRESSIVE;
				CLANG_CXX_LANGUAGE_STANDARD = "gnu++14";
				CLANG_CXX_LIBRARY = "libc++";
				CLANG_ENABLE_MODULES = YES;
				CLANG_ENABLE_OBJC_ARC = YES;
				CLANG_ENABLE_OBJC_WEAK = YES;
				CLANG_WARN_BLOCK_CAPTURE_AUTORELEASING = YES;
				CLANG_WARN_BOOL_CONVERSION = YES;
				CLANG_WARN_COMMA = YES;
				CLANG_WARN_CONSTANT_CONVERSION = YES;
				CLANG_WARN_DEPRECATED_OBJC_IMPLEMENTATIONS = YES;
				CLANG_WARN_DIRECT_OBJC_ISA_USAGE = YES_ERROR;
				CLANG_WARN_DOCUMENTATION_COMMENTS = YES;
				CLANG_WARN_EMPTY_BODY = YES;
				CLANG_WARN_ENUM_CONVERSION = YES;
				CLANG_WARN_INFINITE_RECURSION = YES;
				CLANG_WARN_INT_CONVERSION = YES;
				CLANG_WARN_NON_LITERAL_NULL_CONVERSION = YES;
				CLANG_WARN_OBJC_IMPLICIT_RETAIN_SELF = YES;
				CLANG_WARN_OBJC_LITERAL_CONVERSION = YES;
				CLANG_WARN_OBJC_ROOT_CLASS = YES_ERROR;
				CLANG_WARN_QUOTED_INCLUDE_IN_FRAMEWORK_HEADER = YES;
				CLANG_WARN_RANGE_LOOP_ANALYSIS = YES;
				CLANG_WARN_STRICT_PROTOTYPES = YES;
				CLANG_WARN_SUSPICIOUS_MOVE = YES;
				CLANG_WARN_UNGUARDED_AVAILABILITY = YES_AGGRESSIVE;
				CLANG_WARN_UNREACHABLE_CODE = YES;
				CLANG_WARN__DUPLICATE_METHOD_MATCH = YES;
				COPY_PHASE_STRIP = NO;
				DEAD_CODE_STRIPPING = YES;
				DEBUG_INFORMATION_FORMAT = dwarf;
				ENABLE_STRICT_OBJC_MSGSEND = YES;
				ENABLE_TESTABILITY = YES;
				GCC_C_LANGUAGE_STANDARD = gnu11;
				GCC_DYNAMIC_NO_PIC = NO;
				GCC_NO_COMMON_BLOCKS = YES;
				GCC_OPTIMIZATION_LEVEL = 0;
				GCC_PREPROCESSOR_DEFINITIONS = (
					"DEBUG=1",
					"$(inherited)",
				);
				GCC_WARN_64_TO_32_BIT_CONVERSION = YES;
				GCC_WARN_ABOUT_RETURN_TYPE = YES_ERROR;
				GCC_WARN_UNDECLARED_SELECTOR = YES;
				GCC_WARN_UNINITIALIZED_AUTOS = YES_AGGRESSIVE;
				GCC_WARN_UNUSED_FUNCTION = YES;
				GCC_WARN_UNUSED_VARIABLE = YES;
				MACOSX_DEPLOYMENT_TARGET = 11.3;
				MTL_ENABLE_DEBUG_INFO = INCLUDE_SOURCE;
				MTL_FAST_MATH = YES;
				ONLY_ACTIVE_ARCH = YES;
				SDKROOT = macosx;
				SWIFT_ACTIVE_COMPILATION_CONDITIONS = DEBUG;
				SWIFT_OPTIMIZATION_LEVEL = "-Onone";
			};
			name = Debug;
		};
		8A56D721278E058400D3FE2B /* Release */ = {
			isa = XCBuildConfiguration;
			buildSettings = {
				ALWAYS_SEARCH_USER_PATHS = NO;
				CLANG_ANALYZER_NONNULL = YES;
				CLANG_ANALYZER_NUMBER_OBJECT_CONVERSION = YES_AGGRESSIVE;
				CLANG_CXX_LANGUAGE_STANDARD = "gnu++14";
				CLANG_CXX_LIBRARY = "libc++";
				CLANG_ENABLE_MODULES = YES;
				CLANG_ENABLE_OBJC_ARC = YES;
				CLANG_ENABLE_OBJC_WEAK = YES;
				CLANG_WARN_BLOCK_CAPTURE_AUTORELEASING = YES;
				CLANG_WARN_BOOL_CONVERSION = YES;
				CLANG_WARN_COMMA = YES;
				CLANG_WARN_CONSTANT_CONVERSION = YES;
				CLANG_WARN_DEPRECATED_OBJC_IMPLEMENTATIONS = YES;
				CLANG_WARN_DIRECT_OBJC_ISA_USAGE = YES_ERROR;
				CLANG_WARN_DOCUMENTATION_COMMENTS = YES;
				CLANG_WARN_EMPTY_BODY = YES;
				CLANG_WARN_ENUM_CONVERSION = YES;
				CLANG_WARN_INFINITE_RECURSION = YES;
				CLANG_WARN_INT_CONVERSION = YES;
				CLANG_WARN_NON_LITERAL_NULL_CONVERSION = YES;
				CLANG_WARN_OBJC_IMPLICIT_RETAIN_SELF = YES;
				CLANG_WARN_OBJC_LITERAL_CONVERSION = YES;
				CLANG_WARN_OBJC_ROOT_CLASS = YES_ERROR;
				CLANG_WARN_QUOTED_INCLUDE_IN_FRAMEWORK_HEADER = YES;
				CLANG_WARN_RANGE_LOOP_ANALYSIS = YES;
				CLANG_WARN_STRICT_PROTOTYPES = YES;
				CLANG_WARN_SUSPICIOUS_MOVE = YES;
				CLANG_WARN_UNGUARDED_AVAILABILITY = YES_AGGRESSIVE;
				CLANG_WARN_UNREACHABLE_CODE = YES;
				CLANG_WARN__DUPLICATE_METHOD_MATCH = YES;
				COPY_PHASE_STRIP = NO;
				DEAD_CODE_STRIPPING = YES;
				DEBUG_INFORMATION_FORMAT = "dwarf-with-dsym";
				ENABLE_NS_ASSERTIONS = NO;
				ENABLE_STRICT_OBJC_MSGSEND = YES;
				GCC_C_LANGUAGE_STANDARD = gnu11;
				GCC_NO_COMMON_BLOCKS = YES;
				GCC_WARN_64_TO_32_BIT_CONVERSION = YES;
				GCC_WARN_ABOUT_RETURN_TYPE = YES_ERROR;
				GCC_WARN_UNDECLARED_SELECTOR = YES;
				GCC_WARN_UNINITIALIZED_AUTOS = YES_AGGRESSIVE;
				GCC_WARN_UNUSED_FUNCTION = YES;
				GCC_WARN_UNUSED_VARIABLE = YES;
				MACOSX_DEPLOYMENT_TARGET = 11.3;
				MTL_ENABLE_DEBUG_INFO = NO;
				MTL_FAST_MATH = YES;
				SDKROOT = macosx;
				SWIFT_COMPILATION_MODE = wholemodule;
				SWIFT_OPTIMIZATION_LEVEL = "-O";
			};
			name = Release;
		};
/* End XCBuildConfiguration section */

/* Begin XCConfigurationList section */
		8A27DB342AAE3E5A0094C9D0 /* Build configuration list for PBXNativeTarget "Sandbox" */ = {
			isa = XCConfigurationList;
			buildConfigurations = (
				8A27DB352AAE3E5A0094C9D0 /* Debug */,
				8A27DB362AAE3E5A0094C9D0 /* Release */,
			);
			defaultConfigurationIsVisible = 0;
			defaultConfigurationName = Release;
		};
		8A56D70A278E058200D3FE2B /* Build configuration list for PBXProject "MetalRenderer" */ = {
			isa = XCConfigurationList;
			buildConfigurations = (
				8A56D720278E058400D3FE2B /* Debug */,
				8A56D721278E058400D3FE2B /* Release */,
			);
			defaultConfigurationIsVisible = 0;
			defaultConfigurationName = Release;
		};
/* End XCConfigurationList section */

/* Begin XCSwiftPackageProductDependency section */
		8A02B3012BB8CB4B00F3E4FB /* SwiftBullet */ = {
			isa = XCSwiftPackageProductDependency;
			productName = SwiftBullet;
		};
		8A7C70B52AAFA7D3003FAFDD /* ImGui */ = {
			isa = XCSwiftPackageProductDependency;
			productName = ImGui;
		};
		8A7C70B72AAFA7D7003FAFDD /* ImGuizmo */ = {
			isa = XCSwiftPackageProductDependency;
			productName = ImGuizmo;
		};
/* End XCSwiftPackageProductDependency section */
	};
	rootObject = 8A56D707278E058200D3FE2B /* Project object */;
}
